<?xml version="1.0" encoding="utf-8"?>
<Project ToolsVersion="4.0" xmlns="http://schemas.microsoft.com/developer/msbuild/2003">
  <ItemGroup>
    <Filter Include="src">
      <UniqueIdentifier>{13df05a3-a9a9-4a37-8c6f-498c3d833397}</UniqueIdentifier>
    </Filter>
  </ItemGroup>
  <ItemGroup>
    <ClCompile Include="bonjeanViewer.cxx">
      <Filter>src</Filter>
    </ClCompile>
  </ItemGroup>
</Project>