<?xml version="1.0" encoding="utf-8"?>
<Project ToolsVersion="4.0" xmlns="http://schemas.microsoft.com/developer/msbuild/2003">
  <ItemGroup>
    <Filter Include="src">
      <UniqueIdentifier>{b1670b82-d16c-4e88-ae31-cad7ac585d55}</UniqueIdentifier>
    </Filter>
  </ItemGroup>
  <ItemGroup>
    <ClCompile Include="solutionData.cxx">
      <Filter>src</Filter>
    </ClCompile>
  </ItemGroup>
</Project>