<?xml version="1.0" encoding="utf-8"?>
<Project ToolsVersion="4.0" xmlns="http://schemas.microsoft.com/developer/msbuild/2003">
  <ItemGroup>
    <Filter Include="src">
      <UniqueIdentifier>{876f7a11-9e94-427b-9b2d-119ac261b040}</UniqueIdentifier>
    </Filter>
  </ItemGroup>
  <ItemGroup>
    <ClCompile Include="tnbGeoTriPolygon.cxx">
      <Filter>src</Filter>
    </ClCompile>
  </ItemGroup>
</Project>