
Microsoft Visual Studio Solution File, Format Version 12.00
# Visual Studio 15
VisualStudioVersion = 15.0.28307.757
MinimumVisualStudioVersion = 10.0.40219.1
Project("{8BC9CEB8-8B4A-11D0-8D11-00A0C91BC942}") = "Tonb", "Tonb\Tonb.vcxproj", "{5AAE3E84-CA99-45B0-B7DC-2F8D2133B9AD}"
	ProjectSection(ProjectDependencies) = postProject
		{E15D4B29-DEEF-4205-8790-F4CA3D77F53A} = {E15D4B29-DEEF-4205-8790-F4CA3D77F53A}
		{7A98DF43-1C80-414F-8870-2D5401FE78A0} = {7A98DF43-1C80-414F-8870-2D5401FE78A0}
		{E3404AAD-047B-4489-879D-3E8C58782153} = {E3404AAD-047B-4489-879D-3E8C58782153}
		{11ECF6DD-B134-4344-855A-4E3F553A3338} = {11ECF6DD-B134-4344-855A-4E3F553A3338}
	EndProjectSection
EndProject
Project("{8BC9CEB8-8B4A-11D0-8D11-00A0C91BC942}") = "TnbNumAlg", "TnbNumAlg\TnbNumAlg.vcxproj", "{9D2ACE52-928F-4B06-AECD-3A7CEF4F63BB}"
	ProjectSection(ProjectDependencies) = postProject
		{B919C408-474A-458B-9B08-459DF6598B56} = {B919C408-474A-458B-9B08-459DF6598B56}
	EndProjectSection
EndProject
Project("{8BC9CEB8-8B4A-11D0-8D11-00A0C91BC942}") = "TnbGeo", "TnbGeo\TnbGeo.vcxproj", "{B6C72F52-D96C-4B03-B599-4F298D29F8F7}"
	ProjectSection(ProjectDependencies) = postProject
		{B919C408-474A-458B-9B08-459DF6598B56} = {B919C408-474A-458B-9B08-459DF6598B56}
		{9D2ACE52-928F-4B06-AECD-3A7CEF4F63BB} = {9D2ACE52-928F-4B06-AECD-3A7CEF4F63BB}
	EndProjectSection
EndProject
Project("{8BC9CEB8-8B4A-11D0-8D11-00A0C91BC942}") = "TnbCad2d", "TnbCad2d\TnbCad2d.vcxproj", "{CD25D37B-6E90-452A-8CF4-8421FCB9D8AA}"
	ProjectSection(ProjectDependencies) = postProject
		{539A8B06-4566-489F-8A5E-84E11983A802} = {539A8B06-4566-489F-8A5E-84E11983A802}
		{B919C408-474A-458B-9B08-459DF6598B56} = {B919C408-474A-458B-9B08-459DF6598B56}
		{B6C72F52-D96C-4B03-B599-4F298D29F8F7} = {B6C72F52-D96C-4B03-B599-4F298D29F8F7}
		{9D2ACE52-928F-4B06-AECD-3A7CEF4F63BB} = {9D2ACE52-928F-4B06-AECD-3A7CEF4F63BB}
	EndProjectSection
EndProject
Project("{8BC9CEB8-8B4A-11D0-8D11-00A0C91BC942}") = "TnbIO", "TnbIO\TnbIO.vcxproj", "{539A8B06-4566-489F-8A5E-84E11983A802}"
	ProjectSection(ProjectDependencies) = postProject
		{B919C408-474A-458B-9B08-459DF6598B56} = {B919C408-474A-458B-9B08-459DF6598B56}
		{B6C72F52-D96C-4B03-B599-4F298D29F8F7} = {B6C72F52-D96C-4B03-B599-4F298D29F8F7}
		{9D2ACE52-928F-4B06-AECD-3A7CEF4F63BB} = {9D2ACE52-928F-4B06-AECD-3A7CEF4F63BB}
	EndProjectSection
EndProject
Project("{8BC9CEB8-8B4A-11D0-8D11-00A0C91BC942}") = "TnbMeshBase", "TnbMeshBase\TnbMeshBase.vcxproj", "{B0A6C309-B4D6-488D-9416-0901AE71ADCF}"
EndProject
Project("{8BC9CEB8-8B4A-11D0-8D11-00A0C91BC942}") = "TnbCad", "TnbCad\TnbCad.vcxproj", "{F14396E4-5995-4CC2-8101-42854CE5C625}"
	ProjectSection(ProjectDependencies) = postProject
		{B919C408-474A-458B-9B08-459DF6598B56} = {B919C408-474A-458B-9B08-459DF6598B56}
		{B6C72F52-D96C-4B03-B599-4F298D29F8F7} = {B6C72F52-D96C-4B03-B599-4F298D29F8F7}
		{9D2ACE52-928F-4B06-AECD-3A7CEF4F63BB} = {9D2ACE52-928F-4B06-AECD-3A7CEF4F63BB}
		{CD25D37B-6E90-452A-8CF4-8421FCB9D8AA} = {CD25D37B-6E90-452A-8CF4-8421FCB9D8AA}
	EndProjectSection
EndProject
Project("{8BC9CEB8-8B4A-11D0-8D11-00A0C91BC942}") = "TnbHydrostatic", "TnbHydrostatic\TnbHydrostatic.vcxproj", "{33976535-7C9D-4D56-AD80-699694BF4492}"
	ProjectSection(ProjectDependencies) = postProject
		{539A8B06-4566-489F-8A5E-84E11983A802} = {539A8B06-4566-489F-8A5E-84E11983A802}
		{B919C408-474A-458B-9B08-459DF6598B56} = {B919C408-474A-458B-9B08-459DF6598B56}
		{B6C72F52-D96C-4B03-B599-4F298D29F8F7} = {B6C72F52-D96C-4B03-B599-4F298D29F8F7}
		{9D2ACE52-928F-4B06-AECD-3A7CEF4F63BB} = {9D2ACE52-928F-4B06-AECD-3A7CEF4F63BB}
		{CD25D37B-6E90-452A-8CF4-8421FCB9D8AA} = {CD25D37B-6E90-452A-8CF4-8421FCB9D8AA}
		{F14396E4-5995-4CC2-8101-42854CE5C625} = {F14396E4-5995-4CC2-8101-42854CE5C625}
	EndProjectSection
EndProject
Project("{8BC9CEB8-8B4A-11D0-8D11-00A0C91BC942}") = "TnbMarineBase", "TnbMarineBase\TnbMarineBase.vcxproj", "{E15D4B29-DEEF-4205-8790-F4CA3D77F53A}"
	ProjectSection(ProjectDependencies) = postProject
		{539A8B06-4566-489F-8A5E-84E11983A802} = {539A8B06-4566-489F-8A5E-84E11983A802}
		{B919C408-474A-458B-9B08-459DF6598B56} = {B919C408-474A-458B-9B08-459DF6598B56}
		{B6C72F52-D96C-4B03-B599-4F298D29F8F7} = {B6C72F52-D96C-4B03-B599-4F298D29F8F7}
		{9D2ACE52-928F-4B06-AECD-3A7CEF4F63BB} = {9D2ACE52-928F-4B06-AECD-3A7CEF4F63BB}
		{CD25D37B-6E90-452A-8CF4-8421FCB9D8AA} = {CD25D37B-6E90-452A-8CF4-8421FCB9D8AA}
		{F14396E4-5995-4CC2-8101-42854CE5C625} = {F14396E4-5995-4CC2-8101-42854CE5C625}
	EndProjectSection
EndProject
Project("{8BC9CEB8-8B4A-11D0-8D11-00A0C91BC942}") = "TnbCadModel", "TnbCadModel\TnbCadModel.vcxproj", "{81DD0833-BF5F-4698-8B7D-6D82792BD220}"
	ProjectSection(ProjectDependencies) = postProject
		{539A8B06-4566-489F-8A5E-84E11983A802} = {539A8B06-4566-489F-8A5E-84E11983A802}
		{B919C408-474A-458B-9B08-459DF6598B56} = {B919C408-474A-458B-9B08-459DF6598B56}
		{B6C72F52-D96C-4B03-B599-4F298D29F8F7} = {B6C72F52-D96C-4B03-B599-4F298D29F8F7}
		{9D2ACE52-928F-4B06-AECD-3A7CEF4F63BB} = {9D2ACE52-928F-4B06-AECD-3A7CEF4F63BB}
		{CD25D37B-6E90-452A-8CF4-8421FCB9D8AA} = {CD25D37B-6E90-452A-8CF4-8421FCB9D8AA}
		{F14396E4-5995-4CC2-8101-42854CE5C625} = {F14396E4-5995-4CC2-8101-42854CE5C625}
	EndProjectSection
EndProject
Project("{8BC9CEB8-8B4A-11D0-8D11-00A0C91BC942}") = "TnbMeshAft", "TnbMeshAft\TnbMeshAft.vcxproj", "{7A98DF43-1C80-414F-8870-2D5401FE78A0}"
EndProject
Project("{8BC9CEB8-8B4A-11D0-8D11-00A0C91BC942}") = "TnbMeshCurve", "TnbMeshCurve\TnbMeshCurve.vcxproj", "{E3404AAD-047B-4489-879D-3E8C58782153}"
EndProject
Project("{8BC9CEB8-8B4A-11D0-8D11-00A0C91BC942}") = "TnbISC08", "TnbISC08\TnbISC08.vcxproj", "{EB6B172D-7EAF-4816-A430-E793F9BB51BF}"
EndProject
Project("{8BC9CEB8-8B4A-11D0-8D11-00A0C91BC942}") = "TnbISC19", "TnbISC19\TnbISC19.vcxproj", "{AA0CFE5B-1040-4077-8D1D-712BB6B69887}"
EndProject
Project("{8BC9CEB8-8B4A-11D0-8D11-00A0C91BC942}") = "TnbStbGMaker", "TnbStbGMaker\TnbStbGMaker.vcxproj", "{CEB10E49-A65F-43A7-BFB4-CB99C6D2F3F8}"
	ProjectSection(ProjectDependencies) = postProject
		{539A8B06-4566-489F-8A5E-84E11983A802} = {539A8B06-4566-489F-8A5E-84E11983A802}
		{B919C408-474A-458B-9B08-459DF6598B56} = {B919C408-474A-458B-9B08-459DF6598B56}
		{E15D4B29-DEEF-4205-8790-F4CA3D77F53A} = {E15D4B29-DEEF-4205-8790-F4CA3D77F53A}
		{B6C72F52-D96C-4B03-B599-4F298D29F8F7} = {B6C72F52-D96C-4B03-B599-4F298D29F8F7}
		{9D2ACE52-928F-4B06-AECD-3A7CEF4F63BB} = {9D2ACE52-928F-4B06-AECD-3A7CEF4F63BB}
		{CD25D37B-6E90-452A-8CF4-8421FCB9D8AA} = {CD25D37B-6E90-452A-8CF4-8421FCB9D8AA}
		{F14396E4-5995-4CC2-8101-42854CE5C625} = {F14396E4-5995-4CC2-8101-42854CE5C625}
	EndProjectSection
EndProject
Project("{8BC9CEB8-8B4A-11D0-8D11-00A0C91BC942}") = "TnbGlobal", "TnbGlobal\TnbGlobal.vcxproj", "{B919C408-474A-458B-9B08-459DF6598B56}"
EndProject
Project("{8BC9CEB8-8B4A-11D0-8D11-00A0C91BC942}") = "TnbSectPx", "TnbSectPx\TnbSectPx.vcxproj", "{B4850AF1-6BEC-4F8D-9224-72C079D08DE9}"
EndProject
Project("{8BC9CEB8-8B4A-11D0-8D11-00A0C91BC942}") = "TnbShapePx", "TnbShapePx\TnbShapePx.vcxproj", "{11ECF6DD-B134-4344-855A-4E3F553A3338}"
EndProject
Project("{2150E333-8FDC-42A3-9474-1A3956D46DE8}") = "applications", "applications", "{40E40106-446E-4B95-B566-D02CEE75C9B5}"
EndProject
Project("{2150E333-8FDC-42A3-9474-1A3956D46DE8}") = "marine", "marine", "{A87EF29D-4BA6-41E2-AB98-8D1999C82323}"
EndProject
Project("{2150E333-8FDC-42A3-9474-1A3956D46DE8}") = "stabilityModelMaker", "stabilityModelMaker", "{ED198A0C-B5F0-4302-BD1C-868816104DA1}"
EndProject
Project("{8BC9CEB8-8B4A-11D0-8D11-00A0C91BC942}") = "stabilityModelMaker", "applications\marine\stabilityModelMaker\stabilityModelMaker.vcxproj", "{C0B7BA60-416E-4E1F-893B-C3AB840E83FC}"
EndProject
Project("{2150E333-8FDC-42A3-9474-1A3956D46DE8}") = "hullModelMaker", "hullModelMaker", "{6E5E9B34-EC5C-4861-8EE2-0D4BCDAD0C28}"
EndProject
Project("{2150E333-8FDC-42A3-9474-1A3956D46DE8}") = "displacement", "displacement", "{8A35AAEC-B269-4A79-B17A-76F16FB0F785}"
EndProject
Project("{2150E333-8FDC-42A3-9474-1A3956D46DE8}") = "legacy", "legacy", "{F6578240-8C62-4DE2-8EA0-9E7A5119B909}"
EndProject
Project("{8BC9CEB8-8B4A-11D0-8D11-00A0C91BC942}") = "legacy", "applications\marine\hullModelMaker\displacement\legacy\legacy.vcxproj", "{94F4D176-0174-4DD2-983F-E86A21955C36}"
EndProject
Project("{2150E333-8FDC-42A3-9474-1A3956D46DE8}") = "cad2d", "cad2d", "{392CD8B1-B928-43E3-A7E1-4CBE85B1C809}"
EndProject
Project("{2150E333-8FDC-42A3-9474-1A3956D46DE8}") = "modeler", "modeler", "{BEDD1339-A019-4D75-8DE9-CD014966979A}"
EndProject
Project("{8BC9CEB8-8B4A-11D0-8D11-00A0C91BC942}") = "modeler", "applications\cad2d\modeler\modeler.vcxproj", "{90532712-24C7-405B-9070-262308B95D5C}"
EndProject
Project("{2150E333-8FDC-42A3-9474-1A3956D46DE8}") = "designer", "designer", "{8F03DB67-C16B-4237-93B4-6D91C72CCC5C}"
EndProject
Project("{2150E333-8FDC-42A3-9474-1A3956D46DE8}") = "profile", "profile", "{F3C4C9CC-5FFF-44BC-96BF-0EB90850F455}"
EndProject
Project("{2150E333-8FDC-42A3-9474-1A3956D46DE8}") = "Nozzle", "Nozzle", "{EE0E6BD6-D832-49FD-A8AA-95CCF6E7E2CB}"
EndProject
Project("{2150E333-8FDC-42A3-9474-1A3956D46DE8}") = "legacy", "legacy", "{EBD5E1DE-4035-4476-813C-48570646D34A}"
EndProject
Project("{2150E333-8FDC-42A3-9474-1A3956D46DE8}") = "frameMaker", "frameMaker", "{8599316C-A7CB-4B8D-8360-A8FE26A2CBD7}"
EndProject
Project("{2150E333-8FDC-42A3-9474-1A3956D46DE8}") = "frameTuner", "frameTuner", "{11DABEFD-4895-4AEC-9F2D-27DE92510B46}"
EndProject
Project("{8BC9CEB8-8B4A-11D0-8D11-00A0C91BC942}") = "frameMaker", "applications\cad2d\designer\frameMaker\frameMaker.vcxproj", "{58640E71-A1C8-49C7-9DBA-9D851F39312B}"
EndProject
Project("{8BC9CEB8-8B4A-11D0-8D11-00A0C91BC942}") = "frameTuner", "applications\cad2d\designer\frameTuner\frameTuner.vcxproj", "{4BEBF3E6-B804-4C3C-B9A2-FD9FDC9724B4}"
EndProject
Project("{2150E333-8FDC-42A3-9474-1A3956D46DE8}") = "test", "test", "{04AE7538-5E5E-4621-823C-8DCAAC0CEBEE}"
EndProject
Project("{8BC9CEB8-8B4A-11D0-8D11-00A0C91BC942}") = "saveLoad", "applications\test\saveLoad\saveLoad.vcxproj", "{3C244D84-6DD9-4EC5-9630-3EEEA3332C65}"
EndProject
Global
	GlobalSection(SolutionConfigurationPlatforms) = preSolution
		Debug|x64 = Debug|x64
		Debug|x86 = Debug|x86
		Release|x64 = Release|x64
		Release|x86 = Release|x86
	EndGlobalSection
	GlobalSection(ProjectConfigurationPlatforms) = postSolution
		{5AAE3E84-CA99-45B0-B7DC-2F8D2133B9AD}.Debug|x64.ActiveCfg = Debug|x64
		{5AAE3E84-CA99-45B0-B7DC-2F8D2133B9AD}.Debug|x64.Build.0 = Debug|x64
		{5AAE3E84-CA99-45B0-B7DC-2F8D2133B9AD}.Debug|x86.ActiveCfg = Debug|x64
		{5AAE3E84-CA99-45B0-B7DC-2F8D2133B9AD}.Release|x64.ActiveCfg = Release|x64
		{5AAE3E84-CA99-45B0-B7DC-2F8D2133B9AD}.Release|x64.Build.0 = Release|x64
		{5AAE3E84-CA99-45B0-B7DC-2F8D2133B9AD}.Release|x86.ActiveCfg = Release|x64
		{9D2ACE52-928F-4B06-AECD-3A7CEF4F63BB}.Debug|x64.ActiveCfg = Debug|x64
		{9D2ACE52-928F-4B06-AECD-3A7CEF4F63BB}.Debug|x64.Build.0 = Debug|x64
		{9D2ACE52-928F-4B06-AECD-3A7CEF4F63BB}.Debug|x86.ActiveCfg = Debug|Win32
		{9D2ACE52-928F-4B06-AECD-3A7CEF4F63BB}.Debug|x86.Build.0 = Debug|Win32
		{9D2ACE52-928F-4B06-AECD-3A7CEF4F63BB}.Release|x64.ActiveCfg = Release|x64
		{9D2ACE52-928F-4B06-AECD-3A7CEF4F63BB}.Release|x64.Build.0 = Release|x64
		{9D2ACE52-928F-4B06-AECD-3A7CEF4F63BB}.Release|x86.ActiveCfg = Release|Win32
		{9D2ACE52-928F-4B06-AECD-3A7CEF4F63BB}.Release|x86.Build.0 = Release|Win32
		{B6C72F52-D96C-4B03-B599-4F298D29F8F7}.Debug|x64.ActiveCfg = Debug|x64
		{B6C72F52-D96C-4B03-B599-4F298D29F8F7}.Debug|x64.Build.0 = Debug|x64
		{B6C72F52-D96C-4B03-B599-4F298D29F8F7}.Debug|x86.ActiveCfg = Debug|x64
		{B6C72F52-D96C-4B03-B599-4F298D29F8F7}.Release|x64.ActiveCfg = Release|x64
		{B6C72F52-D96C-4B03-B599-4F298D29F8F7}.Release|x64.Build.0 = Release|x64
		{B6C72F52-D96C-4B03-B599-4F298D29F8F7}.Release|x86.ActiveCfg = Release|x64
		{CD25D37B-6E90-452A-8CF4-8421FCB9D8AA}.Debug|x64.ActiveCfg = Debug|x64
		{CD25D37B-6E90-452A-8CF4-8421FCB9D8AA}.Debug|x64.Build.0 = Debug|x64
		{CD25D37B-6E90-452A-8CF4-8421FCB9D8AA}.Debug|x86.ActiveCfg = Debug|Win32
		{CD25D37B-6E90-452A-8CF4-8421FCB9D8AA}.Debug|x86.Build.0 = Debug|Win32
		{CD25D37B-6E90-452A-8CF4-8421FCB9D8AA}.Release|x64.ActiveCfg = Release|x64
		{CD25D37B-6E90-452A-8CF4-8421FCB9D8AA}.Release|x64.Build.0 = Release|x64
		{CD25D37B-6E90-452A-8CF4-8421FCB9D8AA}.Release|x86.ActiveCfg = Release|Win32
		{CD25D37B-6E90-452A-8CF4-8421FCB9D8AA}.Release|x86.Build.0 = Release|Win32
		{539A8B06-4566-489F-8A5E-84E11983A802}.Debug|x64.ActiveCfg = Debug|x64
		{539A8B06-4566-489F-8A5E-84E11983A802}.Debug|x64.Build.0 = Debug|x64
		{539A8B06-4566-489F-8A5E-84E11983A802}.Debug|x86.ActiveCfg = Debug|Win32
		{539A8B06-4566-489F-8A5E-84E11983A802}.Debug|x86.Build.0 = Debug|Win32
		{539A8B06-4566-489F-8A5E-84E11983A802}.Release|x64.ActiveCfg = Release|x64
		{539A8B06-4566-489F-8A5E-84E11983A802}.Release|x64.Build.0 = Release|x64
		{539A8B06-4566-489F-8A5E-84E11983A802}.Release|x86.ActiveCfg = Release|Win32
		{539A8B06-4566-489F-8A5E-84E11983A802}.Release|x86.Build.0 = Release|Win32
		{B0A6C309-B4D6-488D-9416-0901AE71ADCF}.Debug|x64.ActiveCfg = Debug|x64
		{B0A6C309-B4D6-488D-9416-0901AE71ADCF}.Debug|x64.Build.0 = Debug|x64
		{B0A6C309-B4D6-488D-9416-0901AE71ADCF}.Debug|x86.ActiveCfg = Debug|Win32
		{B0A6C309-B4D6-488D-9416-0901AE71ADCF}.Debug|x86.Build.0 = Debug|Win32
		{B0A6C309-B4D6-488D-9416-0901AE71ADCF}.Release|x64.ActiveCfg = Release|x64
		{B0A6C309-B4D6-488D-9416-0901AE71ADCF}.Release|x64.Build.0 = Release|x64
		{B0A6C309-B4D6-488D-9416-0901AE71ADCF}.Release|x86.ActiveCfg = Release|Win32
		{B0A6C309-B4D6-488D-9416-0901AE71ADCF}.Release|x86.Build.0 = Release|Win32
		{F14396E4-5995-4CC2-8101-42854CE5C625}.Debug|x64.ActiveCfg = Debug|x64
		{F14396E4-5995-4CC2-8101-42854CE5C625}.Debug|x64.Build.0 = Debug|x64
		{F14396E4-5995-4CC2-8101-42854CE5C625}.Debug|x86.ActiveCfg = Debug|Win32
		{F14396E4-5995-4CC2-8101-42854CE5C625}.Debug|x86.Build.0 = Debug|Win32
		{F14396E4-5995-4CC2-8101-42854CE5C625}.Release|x64.ActiveCfg = Release|x64
		{F14396E4-5995-4CC2-8101-42854CE5C625}.Release|x64.Build.0 = Release|x64
		{F14396E4-5995-4CC2-8101-42854CE5C625}.Release|x86.ActiveCfg = Release|Win32
		{F14396E4-5995-4CC2-8101-42854CE5C625}.Release|x86.Build.0 = Release|Win32
		{33976535-7C9D-4D56-AD80-699694BF4492}.Debug|x64.ActiveCfg = Debug|x64
		{33976535-7C9D-4D56-AD80-699694BF4492}.Debug|x64.Build.0 = Debug|x64
		{33976535-7C9D-4D56-AD80-699694BF4492}.Debug|x86.ActiveCfg = Debug|Win32
		{33976535-7C9D-4D56-AD80-699694BF4492}.Debug|x86.Build.0 = Debug|Win32
		{33976535-7C9D-4D56-AD80-699694BF4492}.Release|x64.ActiveCfg = Release|x64
		{33976535-7C9D-4D56-AD80-699694BF4492}.Release|x64.Build.0 = Release|x64
		{33976535-7C9D-4D56-AD80-699694BF4492}.Release|x86.ActiveCfg = Release|Win32
		{33976535-7C9D-4D56-AD80-699694BF4492}.Release|x86.Build.0 = Release|Win32
		{E15D4B29-DEEF-4205-8790-F4CA3D77F53A}.Debug|x64.ActiveCfg = Debug|x64
		{E15D4B29-DEEF-4205-8790-F4CA3D77F53A}.Debug|x64.Build.0 = Debug|x64
		{E15D4B29-DEEF-4205-8790-F4CA3D77F53A}.Debug|x86.ActiveCfg = Debug|Win32
		{E15D4B29-DEEF-4205-8790-F4CA3D77F53A}.Debug|x86.Build.0 = Debug|Win32
		{E15D4B29-DEEF-4205-8790-F4CA3D77F53A}.Release|x64.ActiveCfg = Release|x64
		{E15D4B29-DEEF-4205-8790-F4CA3D77F53A}.Release|x64.Build.0 = Release|x64
		{E15D4B29-DEEF-4205-8790-F4CA3D77F53A}.Release|x86.ActiveCfg = Release|Win32
		{E15D4B29-DEEF-4205-8790-F4CA3D77F53A}.Release|x86.Build.0 = Release|Win32
		{81DD0833-BF5F-4698-8B7D-6D82792BD220}.Debug|x64.ActiveCfg = Debug|x64
		{81DD0833-BF5F-4698-8B7D-6D82792BD220}.Debug|x64.Build.0 = Debug|x64
		{81DD0833-BF5F-4698-8B7D-6D82792BD220}.Debug|x86.ActiveCfg = Debug|Win32
		{81DD0833-BF5F-4698-8B7D-6D82792BD220}.Debug|x86.Build.0 = Debug|Win32
		{81DD0833-BF5F-4698-8B7D-6D82792BD220}.Release|x64.ActiveCfg = Release|x64
		{81DD0833-BF5F-4698-8B7D-6D82792BD220}.Release|x64.Build.0 = Release|x64
		{81DD0833-BF5F-4698-8B7D-6D82792BD220}.Release|x86.ActiveCfg = Release|Win32
		{81DD0833-BF5F-4698-8B7D-6D82792BD220}.Release|x86.Build.0 = Release|Win32
		{7A98DF43-1C80-414F-8870-2D5401FE78A0}.Debug|x64.ActiveCfg = Debug|x64
		{7A98DF43-1C80-414F-8870-2D5401FE78A0}.Debug|x64.Build.0 = Debug|x64
		{7A98DF43-1C80-414F-8870-2D5401FE78A0}.Debug|x86.ActiveCfg = Debug|Win32
		{7A98DF43-1C80-414F-8870-2D5401FE78A0}.Debug|x86.Build.0 = Debug|Win32
		{7A98DF43-1C80-414F-8870-2D5401FE78A0}.Release|x64.ActiveCfg = Release|x64
		{7A98DF43-1C80-414F-8870-2D5401FE78A0}.Release|x64.Build.0 = Release|x64
		{7A98DF43-1C80-414F-8870-2D5401FE78A0}.Release|x86.ActiveCfg = Release|Win32
		{7A98DF43-1C80-414F-8870-2D5401FE78A0}.Release|x86.Build.0 = Release|Win32
		{E3404AAD-047B-4489-879D-3E8C58782153}.Debug|x64.ActiveCfg = Debug|x64
		{E3404AAD-047B-4489-879D-3E8C58782153}.Debug|x64.Build.0 = Debug|x64
		{E3404AAD-047B-4489-879D-3E8C58782153}.Debug|x86.ActiveCfg = Debug|Win32
		{E3404AAD-047B-4489-879D-3E8C58782153}.Debug|x86.Build.0 = Debug|Win32
		{E3404AAD-047B-4489-879D-3E8C58782153}.Release|x64.ActiveCfg = Release|x64
		{E3404AAD-047B-4489-879D-3E8C58782153}.Release|x64.Build.0 = Release|x64
		{E3404AAD-047B-4489-879D-3E8C58782153}.Release|x86.ActiveCfg = Release|Win32
		{E3404AAD-047B-4489-879D-3E8C58782153}.Release|x86.Build.0 = Release|Win32
		{EB6B172D-7EAF-4816-A430-E793F9BB51BF}.Debug|x64.ActiveCfg = Debug|x64
		{EB6B172D-7EAF-4816-A430-E793F9BB51BF}.Debug|x64.Build.0 = Debug|x64
		{EB6B172D-7EAF-4816-A430-E793F9BB51BF}.Debug|x86.ActiveCfg = Debug|Win32
		{EB6B172D-7EAF-4816-A430-E793F9BB51BF}.Debug|x86.Build.0 = Debug|Win32
		{EB6B172D-7EAF-4816-A430-E793F9BB51BF}.Release|x64.ActiveCfg = Release|x64
		{EB6B172D-7EAF-4816-A430-E793F9BB51BF}.Release|x64.Build.0 = Release|x64
		{EB6B172D-7EAF-4816-A430-E793F9BB51BF}.Release|x86.ActiveCfg = Release|Win32
		{EB6B172D-7EAF-4816-A430-E793F9BB51BF}.Release|x86.Build.0 = Release|Win32
		{AA0CFE5B-1040-4077-8D1D-712BB6B69887}.Debug|x64.ActiveCfg = Debug|x64
		{AA0CFE5B-1040-4077-8D1D-712BB6B69887}.Debug|x64.Build.0 = Debug|x64
		{AA0CFE5B-1040-4077-8D1D-712BB6B69887}.Debug|x86.ActiveCfg = Debug|Win32
		{AA0CFE5B-1040-4077-8D1D-712BB6B69887}.Debug|x86.Build.0 = Debug|Win32
		{AA0CFE5B-1040-4077-8D1D-712BB6B69887}.Release|x64.ActiveCfg = Release|x64
		{AA0CFE5B-1040-4077-8D1D-712BB6B69887}.Release|x64.Build.0 = Release|x64
		{AA0CFE5B-1040-4077-8D1D-712BB6B69887}.Release|x86.ActiveCfg = Release|Win32
		{AA0CFE5B-1040-4077-8D1D-712BB6B69887}.Release|x86.Build.0 = Release|Win32
		{CEB10E49-A65F-43A7-BFB4-CB99C6D2F3F8}.Debug|x64.ActiveCfg = Debug|x64
		{CEB10E49-A65F-43A7-BFB4-CB99C6D2F3F8}.Debug|x64.Build.0 = Debug|x64
		{CEB10E49-A65F-43A7-BFB4-CB99C6D2F3F8}.Debug|x86.ActiveCfg = Debug|Win32
		{CEB10E49-A65F-43A7-BFB4-CB99C6D2F3F8}.Debug|x86.Build.0 = Debug|Win32
		{CEB10E49-A65F-43A7-BFB4-CB99C6D2F3F8}.Release|x64.ActiveCfg = Release|x64
		{CEB10E49-A65F-43A7-BFB4-CB99C6D2F3F8}.Release|x64.Build.0 = Release|x64
		{CEB10E49-A65F-43A7-BFB4-CB99C6D2F3F8}.Release|x86.ActiveCfg = Release|Win32
		{CEB10E49-A65F-43A7-BFB4-CB99C6D2F3F8}.Release|x86.Build.0 = Release|Win32
		{B919C408-474A-458B-9B08-459DF6598B56}.Debug|x64.ActiveCfg = Debug|x64
		{B919C408-474A-458B-9B08-459DF6598B56}.Debug|x64.Build.0 = Debug|x64
		{B919C408-474A-458B-9B08-459DF6598B56}.Debug|x86.ActiveCfg = Debug|x64
		{B919C408-474A-458B-9B08-459DF6598B56}.Release|x64.ActiveCfg = Release|x64
		{B919C408-474A-458B-9B08-459DF6598B56}.Release|x64.Build.0 = Release|x64
		{B919C408-474A-458B-9B08-459DF6598B56}.Release|x86.ActiveCfg = Release|x64
		{B4850AF1-6BEC-4F8D-9224-72C079D08DE9}.Debug|x64.ActiveCfg = Debug|x64
		{B4850AF1-6BEC-4F8D-9224-72C079D08DE9}.Debug|x64.Build.0 = Debug|x64
		{B4850AF1-6BEC-4F8D-9224-72C079D08DE9}.Debug|x86.ActiveCfg = Debug|x64
		{B4850AF1-6BEC-4F8D-9224-72C079D08DE9}.Release|x64.ActiveCfg = Release|x64
		{B4850AF1-6BEC-4F8D-9224-72C079D08DE9}.Release|x64.Build.0 = Release|x64
		{B4850AF1-6BEC-4F8D-9224-72C079D08DE9}.Release|x86.ActiveCfg = Release|x64
		{11ECF6DD-B134-4344-855A-4E3F553A3338}.Debug|x64.ActiveCfg = Debug|x64
		{11ECF6DD-B134-4344-855A-4E3F553A3338}.Debug|x64.Build.0 = Debug|x64
		{11ECF6DD-B134-4344-855A-4E3F553A3338}.Debug|x86.ActiveCfg = Debug|Win32
		{11ECF6DD-B134-4344-855A-4E3F553A3338}.Debug|x86.Build.0 = Debug|Win32
		{11ECF6DD-B134-4344-855A-4E3F553A3338}.Release|x64.ActiveCfg = Release|x64
		{11ECF6DD-B134-4344-855A-4E3F553A3338}.Release|x64.Build.0 = Release|x64
		{11ECF6DD-B134-4344-855A-4E3F553A3338}.Release|x86.ActiveCfg = Release|Win32
		{11ECF6DD-B134-4344-855A-4E3F553A3338}.Release|x86.Build.0 = Release|Win32
		{C0B7BA60-416E-4E1F-893B-C3AB840E83FC}.Debug|x64.ActiveCfg = Debug|x64
		{C0B7BA60-416E-4E1F-893B-C3AB840E83FC}.Debug|x64.Build.0 = Debug|x64
		{C0B7BA60-416E-4E1F-893B-C3AB840E83FC}.Debug|x86.ActiveCfg = Debug|Win32
		{C0B7BA60-416E-4E1F-893B-C3AB840E83FC}.Debug|x86.Build.0 = Debug|Win32
		{C0B7BA60-416E-4E1F-893B-C3AB840E83FC}.Release|x64.ActiveCfg = Release|x64
		{C0B7BA60-416E-4E1F-893B-C3AB840E83FC}.Release|x64.Build.0 = Release|x64
		{C0B7BA60-416E-4E1F-893B-C3AB840E83FC}.Release|x86.ActiveCfg = Release|Win32
		{C0B7BA60-416E-4E1F-893B-C3AB840E83FC}.Release|x86.Build.0 = Release|Win32
		{94F4D176-0174-4DD2-983F-E86A21955C36}.Debug|x64.ActiveCfg = Debug|x64
		{94F4D176-0174-4DD2-983F-E86A21955C36}.Debug|x64.Build.0 = Debug|x64
		{94F4D176-0174-4DD2-983F-E86A21955C36}.Debug|x86.ActiveCfg = Debug|Win32
		{94F4D176-0174-4DD2-983F-E86A21955C36}.Debug|x86.Build.0 = Debug|Win32
		{94F4D176-0174-4DD2-983F-E86A21955C36}.Release|x64.ActiveCfg = Release|x64
		{94F4D176-0174-4DD2-983F-E86A21955C36}.Release|x64.Build.0 = Release|x64
		{94F4D176-0174-4DD2-983F-E86A21955C36}.Release|x86.ActiveCfg = Release|Win32
		{94F4D176-0174-4DD2-983F-E86A21955C36}.Release|x86.Build.0 = Release|Win32
		{90532712-24C7-405B-9070-262308B95D5C}.Debug|x64.ActiveCfg = Debug|x64
		{90532712-24C7-405B-9070-262308B95D5C}.Debug|x64.Build.0 = Debug|x64
		{90532712-24C7-405B-9070-262308B95D5C}.Debug|x86.ActiveCfg = Debug|Win32
		{90532712-24C7-405B-9070-262308B95D5C}.Debug|x86.Build.0 = Debug|Win32
		{90532712-24C7-405B-9070-262308B95D5C}.Release|x64.ActiveCfg = Release|x64
		{90532712-24C7-405B-9070-262308B95D5C}.Release|x64.Build.0 = Release|x64
		{90532712-24C7-405B-9070-262308B95D5C}.Release|x86.ActiveCfg = Release|Win32
		{90532712-24C7-405B-9070-262308B95D5C}.Release|x86.Build.0 = Release|Win32
		{58640E71-A1C8-49C7-9DBA-9D851F39312B}.Debug|x64.ActiveCfg = Debug|x64
		{58640E71-A1C8-49C7-9DBA-9D851F39312B}.Debug|x64.Build.0 = Debug|x64
		{58640E71-A1C8-49C7-9DBA-9D851F39312B}.Debug|x86.ActiveCfg = Debug|x64
		{58640E71-A1C8-49C7-9DBA-9D851F39312B}.Release|x64.ActiveCfg = Release|x64
		{58640E71-A1C8-49C7-9DBA-9D851F39312B}.Release|x64.Build.0 = Release|x64
		{58640E71-A1C8-49C7-9DBA-9D851F39312B}.Release|x86.ActiveCfg = Release|x64
		{4BEBF3E6-B804-4C3C-B9A2-FD9FDC9724B4}.Debug|x64.ActiveCfg = Debug|x64
		{4BEBF3E6-B804-4C3C-B9A2-FD9FDC9724B4}.Debug|x64.Build.0 = Debug|x64
		{4BEBF3E6-B804-4C3C-B9A2-FD9FDC9724B4}.Debug|x86.ActiveCfg = Debug|Win32
		{4BEBF3E6-B804-4C3C-B9A2-FD9FDC9724B4}.Debug|x86.Build.0 = Debug|Win32
		{4BEBF3E6-B804-4C3C-B9A2-FD9FDC9724B4}.Release|x64.ActiveCfg = Release|x64
		{4BEBF3E6-B804-4C3C-B9A2-FD9FDC9724B4}.Release|x64.Build.0 = Release|x64
		{4BEBF3E6-B804-4C3C-B9A2-FD9FDC9724B4}.Release|x86.ActiveCfg = Release|Win32
		{4BEBF3E6-B804-4C3C-B9A2-FD9FDC9724B4}.Release|x86.Build.0 = Release|Win32
		{3C244D84-6DD9-4EC5-9630-3EEEA3332C65}.Debug|x64.ActiveCfg = Debug|x64
		{3C244D84-6DD9-4EC5-9630-3EEEA3332C65}.Debug|x64.Build.0 = Debug|x64
		{3C244D84-6DD9-4EC5-9630-3EEEA3332C65}.Debug|x86.ActiveCfg = Debug|Win32
		{3C244D84-6DD9-4EC5-9630-3EEEA3332C65}.Debug|x86.Build.0 = Debug|Win32
		{3C244D84-6DD9-4EC5-9630-3EEEA3332C65}.Release|x64.ActiveCfg = Release|x64
		{3C244D84-6DD9-4EC5-9630-3EEEA3332C65}.Release|x64.Build.0 = Release|x64
		{3C244D84-6DD9-4EC5-9630-3EEEA3332C65}.Release|x86.ActiveCfg = Release|Win32
		{3C244D84-6DD9-4EC5-9630-3EEEA3332C65}.Release|x86.Build.0 = Release|Win32
	EndGlobalSection
	GlobalSection(SolutionProperties) = preSolution
		HideSolutionNode = FALSE
	EndGlobalSection
	GlobalSection(NestedProjects) = preSolution
		{A87EF29D-4BA6-41E2-AB98-8D1999C82323} = {40E40106-446E-4B95-B566-D02CEE75C9B5}
		{ED198A0C-B5F0-4302-BD1C-868816104DA1} = {A87EF29D-4BA6-41E2-AB98-8D1999C82323}
		{C0B7BA60-416E-4E1F-893B-C3AB840E83FC} = {ED198A0C-B5F0-4302-BD1C-868816104DA1}
		{6E5E9B34-EC5C-4861-8EE2-0D4BCDAD0C28} = {A87EF29D-4BA6-41E2-AB98-8D1999C82323}
		{8A35AAEC-B269-4A79-B17A-76F16FB0F785} = {6E5E9B34-EC5C-4861-8EE2-0D4BCDAD0C28}
		{F6578240-8C62-4DE2-8EA0-9E7A5119B909} = {8A35AAEC-B269-4A79-B17A-76F16FB0F785}
		{94F4D176-0174-4DD2-983F-E86A21955C36} = {F6578240-8C62-4DE2-8EA0-9E7A5119B909}
		{392CD8B1-B928-43E3-A7E1-4CBE85B1C809} = {40E40106-446E-4B95-B566-D02CEE75C9B5}
		{BEDD1339-A019-4D75-8DE9-CD014966979A} = {392CD8B1-B928-43E3-A7E1-4CBE85B1C809}
		{90532712-24C7-405B-9070-262308B95D5C} = {BEDD1339-A019-4D75-8DE9-CD014966979A}
		{8F03DB67-C16B-4237-93B4-6D91C72CCC5C} = {392CD8B1-B928-43E3-A7E1-4CBE85B1C809}
		{F3C4C9CC-5FFF-44BC-96BF-0EB90850F455} = {392CD8B1-B928-43E3-A7E1-4CBE85B1C809}
		{EE0E6BD6-D832-49FD-A8AA-95CCF6E7E2CB} = {F3C4C9CC-5FFF-44BC-96BF-0EB90850F455}
		{EBD5E1DE-4035-4476-813C-48570646D34A} = {EE0E6BD6-D832-49FD-A8AA-95CCF6E7E2CB}
		{8599316C-A7CB-4B8D-8360-A8FE26A2CBD7} = {8F03DB67-C16B-4237-93B4-6D91C72CCC5C}
		{11DABEFD-4895-4AEC-9F2D-27DE92510B46} = {8F03DB67-C16B-4237-93B4-6D91C72CCC5C}
		{58640E71-A1C8-49C7-9DBA-9D851F39312B} = {8599316C-A7CB-4B8D-8360-A8FE26A2CBD7}
		{4BEBF3E6-B804-4C3C-B9A2-FD9FDC9724B4} = {11DABEFD-4895-4AEC-9F2D-27DE92510B46}
		{04AE7538-5E5E-4621-823C-8DCAAC0CEBEE} = {40E40106-446E-4B95-B566-D02CEE75C9B5}
		{3C244D84-6DD9-4EC5-9630-3EEEA3332C65} = {04AE7538-5E5E-4621-823C-8DCAAC0CEBEE}
	EndGlobalSection
	GlobalSection(ExtensibilityGlobals) = postSolution
		SolutionGuid = {93099114-9B19-4038-837D-C830D759F3F9}
	EndGlobalSection
	GlobalSection(Performance) = preSolution
		HasPerformanceSessions = true
	EndGlobalSection
EndGlobal
