
Microsoft Visual Studio Solution File, Format Version 12.00
# Visual Studio 15
VisualStudioVersion = 15.0.28307.757
MinimumVisualStudioVersion = 10.0.40219.1
Project("{8BC9CEB8-8B4A-11D0-8D11-00A0C91BC942}") = "Tonb", "Tonb\Tonb.vcxproj", "{5AAE3E84-CA99-45B0-B7DC-2F8D2133B9AD}"
EndProject
Project("{8BC9CEB8-8B4A-11D0-8D11-00A0C91BC942}") = "TnbBase", "TnbBase\TnbBase.vcxproj", "{A8DD6B48-4327-40BD-B6A4-1C95E5160D0E}"
EndProject
Project("{8BC9CEB8-8B4A-11D0-8D11-00A0C91BC942}") = "TnbNumAlg", "TnbNumAlg\TnbNumAlg.vcxproj", "{9D2ACE52-928F-4B06-AECD-3A7CEF4F63BB}"
EndProject
Project("{8BC9CEB8-8B4A-11D0-8D11-00A0C91BC942}") = "TnbGeo", "TnbGeo\TnbGeo.vcxproj", "{B6C72F52-D96C-4B03-B599-4F298D29F8F7}"
EndProject
Project("{8BC9CEB8-8B4A-11D0-8D11-00A0C91BC942}") = "TnbGeoModel", "TnbGeoModel\TnbGeoModel.vcxproj", "{99A50EC6-F371-4E8F-9644-A396863B4786}"
EndProject
Project("{8BC9CEB8-8B4A-11D0-8D11-00A0C91BC942}") = "TnbCad2d", "TnbCad2d\TnbCad2d.vcxproj", "{CD25D37B-6E90-452A-8CF4-8421FCB9D8AA}"
EndProject
Project("{8BC9CEB8-8B4A-11D0-8D11-00A0C91BC942}") = "TnbIO", "TnbIO\TnbIO.vcxproj", "{539A8B06-4566-489F-8A5E-84E11983A802}"
EndProject
Global
	GlobalSection(SolutionConfigurationPlatforms) = preSolution
		Debug|x64 = Debug|x64
		Debug|x86 = Debug|x86
		Release|x64 = Release|x64
		Release|x86 = Release|x86
	EndGlobalSection
	GlobalSection(ProjectConfigurationPlatforms) = postSolution
		{5AAE3E84-CA99-45B0-B7DC-2F8D2133B9AD}.Debug|x64.ActiveCfg = Debug|x64
		{5AAE3E84-CA99-45B0-B7DC-2F8D2133B9AD}.Debug|x64.Build.0 = Debug|x64
		{5AAE3E84-CA99-45B0-B7DC-2F8D2133B9AD}.Debug|x86.ActiveCfg = Debug|x64
		{5AAE3E84-CA99-45B0-B7DC-2F8D2133B9AD}.Release|x64.ActiveCfg = Release|x64
		{5AAE3E84-CA99-45B0-B7DC-2F8D2133B9AD}.Release|x64.Build.0 = Release|x64
		{5AAE3E84-CA99-45B0-B7DC-2F8D2133B9AD}.Release|x86.ActiveCfg = Release|x64
		{A8DD6B48-4327-40BD-B6A4-1C95E5160D0E}.Debug|x64.ActiveCfg = Debug|x64
		{A8DD6B48-4327-40BD-B6A4-1C95E5160D0E}.Debug|x64.Build.0 = Debug|x64
		{A8DD6B48-4327-40BD-B6A4-1C95E5160D0E}.Debug|x86.ActiveCfg = Debug|Win32
		{A8DD6B48-4327-40BD-B6A4-1C95E5160D0E}.Debug|x86.Build.0 = Debug|Win32
		{A8DD6B48-4327-40BD-B6A4-1C95E5160D0E}.Release|x64.ActiveCfg = Release|x64
		{A8DD6B48-4327-40BD-B6A4-1C95E5160D0E}.Release|x64.Build.0 = Release|x64
		{A8DD6B48-4327-40BD-B6A4-1C95E5160D0E}.Release|x86.ActiveCfg = Release|Win32
		{A8DD6B48-4327-40BD-B6A4-1C95E5160D0E}.Release|x86.Build.0 = Release|Win32
		{9D2ACE52-928F-4B06-AECD-3A7CEF4F63BB}.Debug|x64.ActiveCfg = Debug|x64
		{9D2ACE52-928F-4B06-AECD-3A7CEF4F63BB}.Debug|x64.Build.0 = Debug|x64
		{9D2ACE52-928F-4B06-AECD-3A7CEF4F63BB}.Debug|x86.ActiveCfg = Debug|Win32
		{9D2ACE52-928F-4B06-AECD-3A7CEF4F63BB}.Debug|x86.Build.0 = Debug|Win32
		{9D2ACE52-928F-4B06-AECD-3A7CEF4F63BB}.Release|x64.ActiveCfg = Release|x64
		{9D2ACE52-928F-4B06-AECD-3A7CEF4F63BB}.Release|x64.Build.0 = Release|x64
		{9D2ACE52-928F-4B06-AECD-3A7CEF4F63BB}.Release|x86.ActiveCfg = Release|Win32
		{9D2ACE52-928F-4B06-AECD-3A7CEF4F63BB}.Release|x86.Build.0 = Release|Win32
		{B6C72F52-D96C-4B03-B599-4F298D29F8F7}.Debug|x64.ActiveCfg = Debug|x64
		{B6C72F52-D96C-4B03-B599-4F298D29F8F7}.Debug|x64.Build.0 = Debug|x64
		{B6C72F52-D96C-4B03-B599-4F298D29F8F7}.Debug|x86.ActiveCfg = Debug|x64
		{B6C72F52-D96C-4B03-B599-4F298D29F8F7}.Release|x64.ActiveCfg = Release|x64
		{B6C72F52-D96C-4B03-B599-4F298D29F8F7}.Release|x64.Build.0 = Release|x64
		{B6C72F52-D96C-4B03-B599-4F298D29F8F7}.Release|x86.ActiveCfg = Release|x64
		{99A50EC6-F371-4E8F-9644-A396863B4786}.Debug|x64.ActiveCfg = Debug|x64
		{99A50EC6-F371-4E8F-9644-A396863B4786}.Debug|x64.Build.0 = Debug|x64
		{99A50EC6-F371-4E8F-9644-A396863B4786}.Debug|x86.ActiveCfg = Debug|Win32
		{99A50EC6-F371-4E8F-9644-A396863B4786}.Debug|x86.Build.0 = Debug|Win32
		{99A50EC6-F371-4E8F-9644-A396863B4786}.Release|x64.ActiveCfg = Release|x64
		{99A50EC6-F371-4E8F-9644-A396863B4786}.Release|x64.Build.0 = Release|x64
		{99A50EC6-F371-4E8F-9644-A396863B4786}.Release|x86.ActiveCfg = Release|Win32
		{99A50EC6-F371-4E8F-9644-A396863B4786}.Release|x86.Build.0 = Release|Win32
		{CD25D37B-6E90-452A-8CF4-8421FCB9D8AA}.Debug|x64.ActiveCfg = Debug|x64
		{CD25D37B-6E90-452A-8CF4-8421FCB9D8AA}.Debug|x64.Build.0 = Debug|x64
		{CD25D37B-6E90-452A-8CF4-8421FCB9D8AA}.Debug|x86.ActiveCfg = Debug|Win32
		{CD25D37B-6E90-452A-8CF4-8421FCB9D8AA}.Debug|x86.Build.0 = Debug|Win32
		{CD25D37B-6E90-452A-8CF4-8421FCB9D8AA}.Release|x64.ActiveCfg = Release|x64
		{CD25D37B-6E90-452A-8CF4-8421FCB9D8AA}.Release|x64.Build.0 = Release|x64
		{CD25D37B-6E90-452A-8CF4-8421FCB9D8AA}.Release|x86.ActiveCfg = Release|Win32
		{CD25D37B-6E90-452A-8CF4-8421FCB9D8AA}.Release|x86.Build.0 = Release|Win32
		{539A8B06-4566-489F-8A5E-84E11983A802}.Debug|x64.ActiveCfg = Debug|x64
		{539A8B06-4566-489F-8A5E-84E11983A802}.Debug|x64.Build.0 = Debug|x64
		{539A8B06-4566-489F-8A5E-84E11983A802}.Debug|x86.ActiveCfg = Debug|Win32
		{539A8B06-4566-489F-8A5E-84E11983A802}.Debug|x86.Build.0 = Debug|Win32
		{539A8B06-4566-489F-8A5E-84E11983A802}.Release|x64.ActiveCfg = Release|x64
		{539A8B06-4566-489F-8A5E-84E11983A802}.Release|x64.Build.0 = Release|x64
		{539A8B06-4566-489F-8A5E-84E11983A802}.Release|x86.ActiveCfg = Release|Win32
		{539A8B06-4566-489F-8A5E-84E11983A802}.Release|x86.Build.0 = Release|Win32
	EndGlobalSection
	GlobalSection(SolutionProperties) = preSolution
		HideSolutionNode = FALSE
	EndGlobalSection
	GlobalSection(ExtensibilityGlobals) = postSolution
		SolutionGuid = {93099114-9B19-4038-837D-C830D759F3F9}
	EndGlobalSection
EndGlobal
