<?xml version="1.0" encoding="utf-8"?>
<Project ToolsVersion="4.0" xmlns="http://schemas.microsoft.com/developer/msbuild/2003">
  <ItemGroup>
    <Filter Include="src">
      <UniqueIdentifier>{99305159-817a-4d15-a4ba-f7358b01d013}</UniqueIdentifier>
    </Filter>
  </ItemGroup>
  <ItemGroup>
    <ClCompile Include="tnbMeshSizeMap2dAdaptive.cxx">
      <Filter>src</Filter>
    </ClCompile>
  </ItemGroup>
</Project>