<?xml version="1.0" encoding="utf-8"?>
<Project ToolsVersion="4.0" xmlns="http://schemas.microsoft.com/developer/msbuild/2003">
  <ItemGroup>
    <Filter Include="src">
      <UniqueIdentifier>{981b9767-9814-43e5-97e5-ca05b0d73c08}</UniqueIdentifier>
    </Filter>
  </ItemGroup>
  <ItemGroup>
    <ClCompile Include="helloWorld.cxx">
      <Filter>src</Filter>
    </ClCompile>
  </ItemGroup>
</Project>