<?xml version="1.0" encoding="utf-8"?>
<Project ToolsVersion="4.0" xmlns="http://schemas.microsoft.com/developer/msbuild/2003">
  <ItemGroup>
    <Filter Include="src">
      <UniqueIdentifier>{a41b4348-c146-4bef-b932-d993713f3c22}</UniqueIdentifier>
    </Filter>
  </ItemGroup>
  <ItemGroup>
    <ClCompile Include="extrudeProfile.cxx">
      <Filter>src</Filter>
    </ClCompile>
  </ItemGroup>
</Project>