<?xml version="1.0" encoding="utf-8"?>
<Project ToolsVersion="4.0" xmlns="http://schemas.microsoft.com/developer/msbuild/2003">
  <ItemGroup>
    <Filter Include="src">
      <UniqueIdentifier>{eef030d5-9442-4d17-a602-411bfa37a4b4}</UniqueIdentifier>
    </Filter>
  </ItemGroup>
  <ItemGroup>
    <ClCompile Include="legacy.cxx">
      <Filter>src</Filter>
    </ClCompile>
  </ItemGroup>
</Project>