<?xml version="1.0" encoding="utf-8"?>
<Project ToolsVersion="4.0" xmlns="http://schemas.microsoft.com/developer/msbuild/2003">
  <ItemGroup>
    <Filter Include="src">
      <UniqueIdentifier>{5b113c7b-5f18-4267-ac9f-9fb0b5fb6192}</UniqueIdentifier>
    </Filter>
  </ItemGroup>
  <ItemGroup>
    <ClCompile Include="section.cxx">
      <Filter>src</Filter>
    </ClCompile>
  </ItemGroup>
</Project>