<?xml version="1.0" encoding="utf-8"?>
<Project ToolsVersion="4.0" xmlns="http://schemas.microsoft.com/developer/msbuild/2003">
  <ItemGroup>
    <Filter Include="src">
      <UniqueIdentifier>{725b8927-22bb-4b5d-a197-c8a4a3105875}</UniqueIdentifier>
    </Filter>
  </ItemGroup>
  <ItemGroup>
    <ClCompile Include="tnbCadBox.cxx">
      <Filter>src</Filter>
    </ClCompile>
  </ItemGroup>
</Project>