<?xml version="1.0" encoding="utf-8"?>
<Project ToolsVersion="4.0" xmlns="http://schemas.microsoft.com/developer/msbuild/2003">
  <ItemGroup>
    <Filter Include="src">
      <UniqueIdentifier>{eaf49985-59df-4cef-b62f-59a6912c968a}</UniqueIdentifier>
    </Filter>
  </ItemGroup>
  <ItemGroup>
    <ClCompile Include="thicknessProfile.cxx">
      <Filter>src</Filter>
    </ClCompile>
  </ItemGroup>
</Project>