<?xml version="1.0" encoding="utf-8"?>
<Project ToolsVersion="4.0" xmlns="http://schemas.microsoft.com/developer/msbuild/2003">
  <ItemGroup>
    <Filter Include="src">
      <UniqueIdentifier>{51e4a578-54ee-41cd-9352-fa413ea225a7}</UniqueIdentifier>
    </Filter>
  </ItemGroup>
  <ItemGroup>
    <ClCompile Include="modelList.cxx">
      <Filter>src</Filter>
    </ClCompile>
  </ItemGroup>
</Project>