<?xml version="1.0" encoding="utf-8"?>
<Project ToolsVersion="4.0" xmlns="http://schemas.microsoft.com/developer/msbuild/2003">
  <ItemGroup>
    <Filter Include="src">
      <UniqueIdentifier>{68a0561c-7651-4158-a317-c87f9e940528}</UniqueIdentifier>
    </Filter>
  </ItemGroup>
  <ItemGroup>
    <ClCompile Include="formCoeff.cxx">
      <Filter>src</Filter>
    </ClCompile>
  </ItemGroup>
</Project>