<?xml version="1.0" encoding="utf-8"?>
<Project ToolsVersion="4.0" xmlns="http://schemas.microsoft.com/developer/msbuild/2003">
  <ItemGroup>
    <Filter Include="src">
      <UniqueIdentifier>{f6d90071-f82b-4ead-81fe-b49dec55b3a1}</UniqueIdentifier>
    </Filter>
  </ItemGroup>
  <ItemGroup>
    <ClCompile Include="tnbCadSphere.cxx">
      <Filter>src</Filter>
    </ClCompile>
  </ItemGroup>
</Project>