<?xml version="1.0" encoding="utf-8"?>
<Project ToolsVersion="4.0" xmlns="http://schemas.microsoft.com/developer/msbuild/2003">
  <ItemGroup>
    <Filter Include="TnbLib">
      <UniqueIdentifier>{8ca99a26-d6f5-4eb1-aa53-e9971ad2077a}</UniqueIdentifier>
    </Filter>
    <Filter Include="TnbLib\MeshAft">
      <UniqueIdentifier>{3983e66b-d539-422e-8d33-8699987f9191}</UniqueIdentifier>
    </Filter>
    <Filter Include="TnbLib\MeshAft\Cad">
      <UniqueIdentifier>{006eff62-f3e1-4b08-806e-14e1efffa2c6}</UniqueIdentifier>
    </Filter>
    <Filter Include="TnbLib\MeshAft\Entities">
      <UniqueIdentifier>{7826d04a-effc-43de-89ba-4499159ea873}</UniqueIdentifier>
    </Filter>
    <Filter Include="TnbLib\MeshAft\MetricPrcsr">
      <UniqueIdentifier>{fe0ba371-31a3-4a8a-ac30-d0b4f1c5d51b}</UniqueIdentifier>
    </Filter>
    <Filter Include="TnbLib\MeshAft\Traits">
      <UniqueIdentifier>{5e5d713b-1b12-49aa-aed9-ac2e7b6e386f}</UniqueIdentifier>
    </Filter>
    <Filter Include="TnbLib\MeshAft\MetricPrcsr\Iso">
      <UniqueIdentifier>{3c6d9714-d3d0-49ae-b3cc-fcfebcf31a7e}</UniqueIdentifier>
    </Filter>
    <Filter Include="TnbLib\MeshAft\MetricPrcsr\AnIso">
      <UniqueIdentifier>{4e8caf9f-80fe-4a4c-9549-1d7c9e19300d}</UniqueIdentifier>
    </Filter>
    <Filter Include="TnbLib\MeshAft\MetricPrcsr\Traits">
      <UniqueIdentifier>{1cfd22b1-04bc-4644-86c4-b2f7f4017e44}</UniqueIdentifier>
    </Filter>
    <Filter Include="TnbLib\MeshAft\Entities\Bnd">
      <UniqueIdentifier>{f3e24f1e-d80b-4ba4-b94f-80698ecb0e8a}</UniqueIdentifier>
    </Filter>
    <Filter Include="TnbLib\MeshAft\Entities\Edge">
      <UniqueIdentifier>{bf89e164-290c-4add-8ad9-b637136f7433}</UniqueIdentifier>
    </Filter>
    <Filter Include="TnbLib\MeshAft\Entities\Element">
      <UniqueIdentifier>{ac43062d-849c-42bf-87a5-958e6f40b093}</UniqueIdentifier>
    </Filter>
    <Filter Include="TnbLib\MeshAft\Entities\Facet">
      <UniqueIdentifier>{cf8d1bcb-b538-43d8-8604-4b7ff0340492}</UniqueIdentifier>
    </Filter>
    <Filter Include="TnbLib\MeshAft\Entities\Front">
      <UniqueIdentifier>{b569c82a-cd55-4995-84ee-1feb740989bf}</UniqueIdentifier>
    </Filter>
    <Filter Include="TnbLib\MeshAft\Entities\Node">
      <UniqueIdentifier>{1a5780a3-933c-451d-b00d-d7120c7a4d9f}</UniqueIdentifier>
    </Filter>
    <Filter Include="TnbLib\MeshAft\Entities\Singularity">
      <UniqueIdentifier>{37af756b-013d-4cc1-805f-b672447bffd9}</UniqueIdentifier>
    </Filter>
    <Filter Include="TnbLib\MeshAft\Entities\Node\Adaptor">
      <UniqueIdentifier>{a263bd57-81c6-4b42-81b6-e2e58b43e00e}</UniqueIdentifier>
    </Filter>
    <Filter Include="TnbLib\MeshAft\Entities\Node\AnIso">
      <UniqueIdentifier>{9a93979a-87cf-4aba-adde-1a59a2337b04}</UniqueIdentifier>
    </Filter>
    <Filter Include="TnbLib\MeshAft\Entities\Node\Iso">
      <UniqueIdentifier>{9ecd79b4-2856-4506-b63f-beebdb5c353c}</UniqueIdentifier>
    </Filter>
    <Filter Include="TnbLib\MeshAft\Entities\Node\Surface">
      <UniqueIdentifier>{17e11787-0315-4076-a101-2ae02e8c7e68}</UniqueIdentifier>
    </Filter>
    <Filter Include="TnbLib\MeshAft\Entities\Node\Traits">
      <UniqueIdentifier>{c561b8ce-442d-4824-a05c-c0d295673674}</UniqueIdentifier>
    </Filter>
    <Filter Include="TnbLib\MeshAft\Entities\Node\Iso\2d">
      <UniqueIdentifier>{0a7b1762-a1bd-4e27-ab56-8d7b2fc17f94}</UniqueIdentifier>
    </Filter>
    <Filter Include="TnbLib\MeshAft\Entities\Node\Iso\3d">
      <UniqueIdentifier>{6b8c6166-dfca-474e-a633-2943d04f041d}</UniqueIdentifier>
    </Filter>
    <Filter Include="TnbLib\MeshAft\Entities\Node\AnIso\2d">
      <UniqueIdentifier>{77cd29d9-302d-4ce7-8efe-5a926f9b4716}</UniqueIdentifier>
    </Filter>
    <Filter Include="TnbLib\MeshAft\Entities\Node\AnIso\3d">
      <UniqueIdentifier>{99d6edd9-52e0-4357-849b-cb93c461cbf8}</UniqueIdentifier>
    </Filter>
    <Filter Include="TnbLib\MeshAft\Entities\Edge\AnIso">
      <UniqueIdentifier>{4a847b05-8a4e-43ff-8cd5-a23899a31840}</UniqueIdentifier>
    </Filter>
    <Filter Include="TnbLib\MeshAft\Entities\Edge\Iso">
      <UniqueIdentifier>{aca007e5-4b78-45b5-84f7-00a0393f3a96}</UniqueIdentifier>
    </Filter>
    <Filter Include="TnbLib\MeshAft\Entities\Edge\Surface">
      <UniqueIdentifier>{d539464b-527f-472b-b021-c89fdd5c5702}</UniqueIdentifier>
    </Filter>
    <Filter Include="TnbLib\MeshAft\Entities\Edge\Traits">
      <UniqueIdentifier>{da56f0a9-b9a3-4791-9829-7f3d78a80d5f}</UniqueIdentifier>
    </Filter>
    <Filter Include="TnbLib\MeshAft\Entities\Edge\Iso\2d">
      <UniqueIdentifier>{95e1eaa8-58fb-43a5-90b6-27e49121eea0}</UniqueIdentifier>
    </Filter>
    <Filter Include="TnbLib\MeshAft\Entities\Edge\Iso\3d">
      <UniqueIdentifier>{2183d45a-5e0a-4926-97db-d311f9ad3d77}</UniqueIdentifier>
    </Filter>
    <Filter Include="TnbLib\MeshAft\Entities\Edge\AnIso\2d">
      <UniqueIdentifier>{b3355820-2dae-4adf-8915-ade8a7f68a0d}</UniqueIdentifier>
    </Filter>
    <Filter Include="TnbLib\MeshAft\Entities\Edge\AnIso\3d">
      <UniqueIdentifier>{534d0396-0a00-4aa0-ad87-46e47c03ef2b}</UniqueIdentifier>
    </Filter>
    <Filter Include="TnbLib\MeshAft\Entities\Element\AnIso">
      <UniqueIdentifier>{ac6f6e1b-b448-4b11-a30a-f0f5f62e9e59}</UniqueIdentifier>
    </Filter>
    <Filter Include="TnbLib\MeshAft\Entities\Element\Iso">
      <UniqueIdentifier>{e5a55041-c880-40d5-9acc-bdc19df89b62}</UniqueIdentifier>
    </Filter>
    <Filter Include="TnbLib\MeshAft\Entities\Element\Surface">
      <UniqueIdentifier>{4158af4d-a0e9-4226-9089-2f1e72d0b73f}</UniqueIdentifier>
    </Filter>
    <Filter Include="TnbLib\MeshAft\Entities\Element\Traits">
      <UniqueIdentifier>{9b01be29-9650-435f-8ee0-d4203dec90cc}</UniqueIdentifier>
    </Filter>
    <Filter Include="TnbLib\MeshAft\Entities\Element\Iso\2d">
      <UniqueIdentifier>{45eddc2b-bf21-4fef-99b8-d72426d56a76}</UniqueIdentifier>
    </Filter>
    <Filter Include="TnbLib\MeshAft\Entities\Element\Iso\3d">
      <UniqueIdentifier>{291bb860-e370-41b0-b8ad-403912de5ce6}</UniqueIdentifier>
    </Filter>
    <Filter Include="TnbLib\MeshAft\Entities\Element\AnIso\2d">
      <UniqueIdentifier>{e621aa6d-d128-4c15-93d4-23a4a64e9bdd}</UniqueIdentifier>
    </Filter>
    <Filter Include="TnbLib\MeshAft\Entities\Element\AnIso\3d">
      <UniqueIdentifier>{1e31cd1b-ff70-4727-9876-3807d1923c6b}</UniqueIdentifier>
    </Filter>
    <Filter Include="TnbLib\MeshAft\Entities\Facet\AnIso">
      <UniqueIdentifier>{61a772ae-4e29-42c5-aedf-a87dd93f955c}</UniqueIdentifier>
    </Filter>
    <Filter Include="TnbLib\MeshAft\Entities\Facet\Iso">
      <UniqueIdentifier>{04bd2655-d1bf-426b-aa2d-c3603f8bb0d5}</UniqueIdentifier>
    </Filter>
    <Filter Include="TnbLib\MeshAft\Entities\Node\Type">
      <UniqueIdentifier>{83ed9ef0-68e0-40ab-a5fb-3916d89e2422}</UniqueIdentifier>
    </Filter>
    <Filter Include="TnbLib\MeshAft\Entities\Front\Identifiers">
      <UniqueIdentifier>{d5ddef42-1985-4db4-bf56-63c13bce1e6a}</UniqueIdentifier>
    </Filter>
    <Filter Include="TnbLib\MeshAft\Entities\Front\Identifiers\Edge">
      <UniqueIdentifier>{0bd89b25-e1e1-4232-8d15-e48f0e229cbc}</UniqueIdentifier>
    </Filter>
    <Filter Include="TnbLib\MeshAft\Entities\Front\Identifiers\Entity">
      <UniqueIdentifier>{7c5b2f56-1052-498c-ab20-ea0680fa9b9c}</UniqueIdentifier>
    </Filter>
    <Filter Include="TnbLib\MeshAft\Entities\Front\Identifiers\Node">
      <UniqueIdentifier>{3cd76d90-3ab2-47d6-894f-bc086bc16542}</UniqueIdentifier>
    </Filter>
    <Filter Include="TnbLib\MeshAft\Entities\Front\Identifiers\Edge\AnIso">
      <UniqueIdentifier>{4475e8fe-3bf4-41b3-8d1a-bcae0c5d4fc4}</UniqueIdentifier>
    </Filter>
    <Filter Include="TnbLib\MeshAft\Entities\Front\Identifiers\Edge\Surface">
      <UniqueIdentifier>{15adc9b1-e901-4da1-8959-0f6fd9787c27}</UniqueIdentifier>
    </Filter>
    <Filter Include="TnbLib\MeshAft\Entities\Facet\Traits">
      <UniqueIdentifier>{c4907346-8560-4f70-903e-e7b332c0f8a7}</UniqueIdentifier>
    </Filter>
    <Filter Include="TnbLib\MeshAft\Entities\Bnd\Node">
      <UniqueIdentifier>{d0890a9d-7432-42e3-b702-c54fe281ed10}</UniqueIdentifier>
    </Filter>
    <Filter Include="TnbLib\MeshAft\Entities\Bnd\Edge">
      <UniqueIdentifier>{08c28e0d-1941-4707-a2e8-1c0c8e46e090}</UniqueIdentifier>
    </Filter>
    <Filter Include="TnbLib\MeshAft\Entities\Bnd\Facet">
      <UniqueIdentifier>{1c732b01-a366-4204-886d-334137c3ff89}</UniqueIdentifier>
    </Filter>
    <Filter Include="TnbLib\MeshAft\Entities\Bnd\Node\Traits">
      <UniqueIdentifier>{b5756232-b630-4968-b232-60077d184d5a}</UniqueIdentifier>
    </Filter>
    <Filter Include="TnbLib\MeshAft\Entities\Bnd\Node\Iso">
      <UniqueIdentifier>{ef3436c8-8368-452f-8402-4883f2db284f}</UniqueIdentifier>
    </Filter>
    <Filter Include="TnbLib\MeshAft\Entities\Bnd\Node\AnIso">
      <UniqueIdentifier>{2123e7ed-8754-40b7-a938-1315dabdbe8e}</UniqueIdentifier>
    </Filter>
    <Filter Include="TnbLib\MeshAft\Entities\Bnd\Node\Surface">
      <UniqueIdentifier>{f9dbe74a-2c00-41b8-ac76-9f0192f3a1c9}</UniqueIdentifier>
    </Filter>
    <Filter Include="TnbLib\MeshAft\Entities\Bnd\Edge\Traits">
      <UniqueIdentifier>{13a002fe-d96d-4477-9fb1-6413f847033a}</UniqueIdentifier>
    </Filter>
    <Filter Include="TnbLib\MeshAft\Entities\Bnd\Edge\Iso">
      <UniqueIdentifier>{9b195b3a-2795-4e72-9d5e-3a562fd81e34}</UniqueIdentifier>
    </Filter>
    <Filter Include="TnbLib\MeshAft\Entities\Bnd\Edge\AnIso">
      <UniqueIdentifier>{df9fac85-ee5e-4dd3-8dd0-d7bdfef364d7}</UniqueIdentifier>
    </Filter>
    <Filter Include="TnbLib\MeshAft\Entities\Bnd\Edge\Surface">
      <UniqueIdentifier>{33e43039-f9c8-4490-b1b4-fd42deeb0dfb}</UniqueIdentifier>
    </Filter>
    <Filter Include="TnbLib\MeshAft\Entities\Bnd\Node\Iso\2d">
      <UniqueIdentifier>{5a1cf6e4-ec9c-4c07-a138-a0490f2e2cfe}</UniqueIdentifier>
    </Filter>
    <Filter Include="TnbLib\MeshAft\Entities\Bnd\Node\Iso\3d">
      <UniqueIdentifier>{3b0c7381-5f8e-4f0d-aae2-923382536f77}</UniqueIdentifier>
    </Filter>
    <Filter Include="TnbLib\MeshAft\Entities\Bnd\Node\AnIso\2d">
      <UniqueIdentifier>{b280ba0d-5cbb-4716-b7e1-e4dae49ef555}</UniqueIdentifier>
    </Filter>
    <Filter Include="TnbLib\MeshAft\Entities\Bnd\Node\AnIso\3d">
      <UniqueIdentifier>{ea66021f-7840-4c62-91b4-b207b41b2c5f}</UniqueIdentifier>
    </Filter>
    <Filter Include="TnbLib\MeshAft\Entities\Bnd\Node\Surface\G">
      <UniqueIdentifier>{9f5c1bdd-30f6-48ba-b934-0ee862a9a9ec}</UniqueIdentifier>
    </Filter>
    <Filter Include="TnbLib\MeshAft\Entities\Bnd\Node\Surface\T">
      <UniqueIdentifier>{8f61e2bd-b990-455a-bbe7-2a943a8d011c}</UniqueIdentifier>
    </Filter>
    <Filter Include="TnbLib\MeshAft\Entities\Bnd\Edge\Iso\2d">
      <UniqueIdentifier>{ab0069e2-1c33-4cee-b738-592f07c47f06}</UniqueIdentifier>
    </Filter>
    <Filter Include="TnbLib\MeshAft\Entities\Bnd\Edge\Iso\3d">
      <UniqueIdentifier>{71105039-65d8-4fe4-a020-34e17d879acd}</UniqueIdentifier>
    </Filter>
    <Filter Include="TnbLib\MeshAft\Entities\Bnd\Edge\Iso\BEdge">
      <UniqueIdentifier>{7f672216-1e7d-488f-89f0-adabf96b7d35}</UniqueIdentifier>
    </Filter>
    <Filter Include="TnbLib\MeshAft\Entities\Bnd\Edge\AnIso\2d">
      <UniqueIdentifier>{622472ee-930f-4ec6-9ee3-8984d15d8076}</UniqueIdentifier>
    </Filter>
    <Filter Include="TnbLib\MeshAft\Entities\Bnd\Edge\AnIso\3d">
      <UniqueIdentifier>{30c3cfb8-23a9-49cf-b8ea-f3d4e9ec1dbe}</UniqueIdentifier>
    </Filter>
    <Filter Include="TnbLib\MeshAft\Entities\Bnd\Edge\AnIso\BEdge">
      <UniqueIdentifier>{90a69708-656d-4878-b5ae-1d91f7595bde}</UniqueIdentifier>
    </Filter>
    <Filter Include="TnbLib\MeshAft\Entities\Bnd\Edge\Surface\BEdge">
      <UniqueIdentifier>{dbf2c5af-16db-4e45-a757-6f7481292127}</UniqueIdentifier>
    </Filter>
    <Filter Include="TnbLib\MeshAft\Entities\Bnd\Edge\Surface\G">
      <UniqueIdentifier>{a031d84d-cc57-40df-8600-60fc0d151ea8}</UniqueIdentifier>
    </Filter>
    <Filter Include="TnbLib\MeshAft\Entities\Bnd\Edge\Surface\T">
      <UniqueIdentifier>{a4285a38-32b5-4c45-83f4-5c785f53e212}</UniqueIdentifier>
    </Filter>
    <Filter Include="TnbLib\MeshAft\Entities\Bnd\Node\Iso\BNode">
      <UniqueIdentifier>{8d812353-cc99-40d6-8332-7692197ac6ad}</UniqueIdentifier>
    </Filter>
    <Filter Include="TnbLib\MeshAft\Entities\Bnd\Node\AnIso\BNode">
      <UniqueIdentifier>{74fcf1e6-9360-4ff0-8367-e35b1946873b}</UniqueIdentifier>
    </Filter>
    <Filter Include="TnbLib\MeshAft\Entities\Bnd\Node\Surface\BNode">
      <UniqueIdentifier>{41ef8ef9-9c2b-4753-8bd4-9e2eb99a2da0}</UniqueIdentifier>
    </Filter>
    <Filter Include="TnbLib\MeshAft\Cad\Curve">
      <UniqueIdentifier>{d282d631-8706-4f62-b603-8f0fade7c35d}</UniqueIdentifier>
    </Filter>
    <Filter Include="TnbLib\MeshAft\Cad\Patch">
      <UniqueIdentifier>{529b7036-995c-4a85-acdf-991ddf94205e}</UniqueIdentifier>
    </Filter>
    <Filter Include="TnbLib\MeshAft\Cad\PlnRegion">
      <UniqueIdentifier>{3a8dd6a7-ffea-4969-ad8a-316bbb38849e}</UniqueIdentifier>
    </Filter>
    <Filter Include="TnbLib\MeshAft\Cad\Wire">
      <UniqueIdentifier>{911e132f-0ef4-4e03-9a09-62bff1bf36a2}</UniqueIdentifier>
    </Filter>
    <Filter Include="TnbLib\MeshAft\Cad\Curve\Iso">
      <UniqueIdentifier>{3dde4b1b-c3fa-43bb-9cce-b984b7474deb}</UniqueIdentifier>
    </Filter>
    <Filter Include="TnbLib\MeshAft\Cad\Curve\AnIso">
      <UniqueIdentifier>{bd50a58c-f510-4918-a1fb-61091c02ea3c}</UniqueIdentifier>
    </Filter>
    <Filter Include="TnbLib\MeshAft\Cad\Curve\Surface">
      <UniqueIdentifier>{56162477-0e79-4bf3-a309-40933af50eb4}</UniqueIdentifier>
    </Filter>
    <Filter Include="TnbLib\MeshAft\Cad\Curve\Iso\2d">
      <UniqueIdentifier>{9c54ad47-7b60-4ead-99d3-9be3ec1f5e47}</UniqueIdentifier>
    </Filter>
    <Filter Include="TnbLib\MeshAft\Cad\Curve\AnIso\2d">
      <UniqueIdentifier>{40c88733-6153-4c6b-ac5b-8f6b3053ff48}</UniqueIdentifier>
    </Filter>
    <Filter Include="TnbLib\MeshAft\Cad\Curve\Surface\G">
      <UniqueIdentifier>{62f4d47c-a6ef-48f4-b4ff-9817468ef661}</UniqueIdentifier>
    </Filter>
    <Filter Include="TnbLib\MeshAft\Cad\Curve\Surface\T">
      <UniqueIdentifier>{bbbe156e-0210-477e-ad36-91e93634c624}</UniqueIdentifier>
    </Filter>
    <Filter Include="TnbLib\MeshAft\Cad\Patch\G">
      <UniqueIdentifier>{b6a3a563-79da-4a7e-9c39-9d99047781cb}</UniqueIdentifier>
    </Filter>
    <Filter Include="TnbLib\MeshAft\Cad\Patch\T">
      <UniqueIdentifier>{08b7b777-7852-47ca-bbaa-a564d0693733}</UniqueIdentifier>
    </Filter>
    <Filter Include="TnbLib\MeshAft\Cad\PlnRegion\AnIso">
      <UniqueIdentifier>{11c3ce59-0db7-4660-80d9-9fe5288c0701}</UniqueIdentifier>
    </Filter>
    <Filter Include="TnbLib\MeshAft\Cad\PlnRegion\Iso">
      <UniqueIdentifier>{4a9316bf-6747-447e-b16a-ee78f3881f43}</UniqueIdentifier>
    </Filter>
    <Filter Include="TnbLib\MeshAft\Cad\PlnRegion\Surface">
      <UniqueIdentifier>{b6565b85-4e2b-4837-a100-f5fbea66efa1}</UniqueIdentifier>
    </Filter>
    <Filter Include="TnbLib\MeshAft\Cad\Wire\AnIso">
      <UniqueIdentifier>{dd2a358a-34f3-4595-ab25-f71924d900e0}</UniqueIdentifier>
    </Filter>
    <Filter Include="TnbLib\MeshAft\Cad\Wire\Iso">
      <UniqueIdentifier>{0720057f-3558-4ba3-bae4-399f53b32aef}</UniqueIdentifier>
    </Filter>
    <Filter Include="TnbLib\MeshAft\Cad\Wire\Surface">
      <UniqueIdentifier>{71c1ba2f-5e5e-4028-9261-627fc07e5bd2}</UniqueIdentifier>
    </Filter>
    <Filter Include="TnbLib\MeshAft\Cad\Wire\Surface\G">
      <UniqueIdentifier>{b746bd8d-d39f-44fd-958b-1bc15faecb85}</UniqueIdentifier>
    </Filter>
    <Filter Include="TnbLib\MeshAft\Cad\Wire\Surface\T">
      <UniqueIdentifier>{edb5e89b-8006-47ce-a0f5-85583dfe1fd5}</UniqueIdentifier>
    </Filter>
    <Filter Include="TnbLib\MeshAft\Cad\PlnRegion\Surface\G">
      <UniqueIdentifier>{41e61ce0-cdc7-44fa-a110-6ca1091f151c}</UniqueIdentifier>
    </Filter>
    <Filter Include="TnbLib\MeshAft\Cad\PlnRegion\Surface\T">
      <UniqueIdentifier>{47a168be-b35a-4a44-8d4a-266938185f0f}</UniqueIdentifier>
    </Filter>
    <Filter Include="TnbLib\MeshAft\MetricPrcsr\Info">
      <UniqueIdentifier>{c115469a-4d20-4b14-86a5-579cd3d560c2}</UniqueIdentifier>
    </Filter>
    <Filter Include="TnbLib\MeshAft\MetricPrcsr\System">
      <UniqueIdentifier>{afd7e84a-01d2-475a-831e-a3c3e637db65}</UniqueIdentifier>
    </Filter>
    <Filter Include="TnbLib\MeshAft\MetricPrcsr\Iso\2d">
      <UniqueIdentifier>{ccf7438c-06f9-4793-9c2a-faef403348a2}</UniqueIdentifier>
    </Filter>
    <Filter Include="TnbLib\MeshAft\MetricPrcsr\Iso\3d">
      <UniqueIdentifier>{e7a41c0e-4d12-40db-8c7d-3efa25730c77}</UniqueIdentifier>
    </Filter>
    <Filter Include="TnbLib\MeshAft\MetricPrcsr\AnIso\2d">
      <UniqueIdentifier>{f2921f1f-687b-4fe1-bbdd-fdd2c06d49cd}</UniqueIdentifier>
    </Filter>
    <Filter Include="TnbLib\MeshAft\MetricPrcsr\AnIso\3d">
      <UniqueIdentifier>{5fa59e8f-54e6-499b-9841-96b4a65329ff}</UniqueIdentifier>
    </Filter>
    <Filter Include="TnbLib\MeshAft\MetricPrcsr\Surface">
      <UniqueIdentifier>{34638a97-d688-474b-8937-472ad0203373}</UniqueIdentifier>
    </Filter>
    <Filter Include="TnbLib\MeshAft\Core">
      <UniqueIdentifier>{3989bb46-f7f7-426e-9bfc-72c257388e14}</UniqueIdentifier>
    </Filter>
    <Filter Include="TnbLib\MeshAft\Front">
      <UniqueIdentifier>{be0dac31-b1ce-46a8-8a75-09b802b5503b}</UniqueIdentifier>
    </Filter>
    <Filter Include="TnbLib\MeshAft\Front\Iso">
      <UniqueIdentifier>{4f91b784-2783-44e3-9643-3f77e5f37a5d}</UniqueIdentifier>
    </Filter>
    <Filter Include="TnbLib\MeshAft\Front\Iso\2d">
      <UniqueIdentifier>{56d83208-b40c-443f-84c5-1e869ce5dc3a}</UniqueIdentifier>
    </Filter>
    <Filter Include="TnbLib\MeshAft\Front\Iso\3d">
      <UniqueIdentifier>{036ea9f6-f03c-4a8c-b488-5bf0185adae3}</UniqueIdentifier>
    </Filter>
    <Filter Include="TnbLib\MeshAft\Front\AnIso">
      <UniqueIdentifier>{17cf336f-0337-4e5b-8c39-4708234096c0}</UniqueIdentifier>
    </Filter>
    <Filter Include="TnbLib\MeshAft\Front\AnIso\2d">
      <UniqueIdentifier>{ef1cac96-eba4-47b2-be39-fa1fc23f9d11}</UniqueIdentifier>
    </Filter>
    <Filter Include="TnbLib\MeshAft\Front\AnIso\3d">
      <UniqueIdentifier>{a4d8e9e3-81c2-4aa8-a7e9-da57021777df}</UniqueIdentifier>
    </Filter>
    <Filter Include="TnbLib\MeshAft\Front\Surface">
      <UniqueIdentifier>{00a08af4-60b1-4c42-8ec6-1ab5d33ece35}</UniqueIdentifier>
    </Filter>
    <Filter Include="TnbLib\MeshAft\Front\Info">
      <UniqueIdentifier>{129d0214-325e-45e6-a253-ab7719da01a0}</UniqueIdentifier>
    </Filter>
    <Filter Include="TnbLib\MeshAft\Cavity">
      <UniqueIdentifier>{7251b583-25ed-4f9e-b95d-a4f633ca264d}</UniqueIdentifier>
    </Filter>
    <Filter Include="TnbLib\MeshAft\Front\Traits">
      <UniqueIdentifier>{70a5cbb6-d8c4-428e-9532-fc0e381c0a88}</UniqueIdentifier>
    </Filter>
    <Filter Include="TnbLib\MeshAft\Front\Data">
      <UniqueIdentifier>{309625ee-4025-4aee-abd1-046f9e459ceb}</UniqueIdentifier>
    </Filter>
    <Filter Include="TnbLib\MeshAft\Front\Info\2d">
      <UniqueIdentifier>{5c4c56d7-3468-4702-916f-9c4d080036a9}</UniqueIdentifier>
    </Filter>
    <Filter Include="TnbLib\MeshAft\Front\Info\3d">
      <UniqueIdentifier>{d90ea04d-6ad7-47ab-bf78-cc133e6f82fe}</UniqueIdentifier>
    </Filter>
    <Filter Include="TnbLib\MeshAft\Front\Info\2d\Adaptor">
      <UniqueIdentifier>{84a0ebf5-d632-45e4-b8d9-bbbd12454b72}</UniqueIdentifier>
    </Filter>
    <Filter Include="TnbLib\MeshAft\Front\Iso\Info">
      <UniqueIdentifier>{dd0a009d-2d75-44e6-b38b-9da4c480dbd3}</UniqueIdentifier>
    </Filter>
    <Filter Include="TnbLib\MeshAft\Front\AnIso\Info">
      <UniqueIdentifier>{71f67ec6-4383-4558-9873-5d1796bd9855}</UniqueIdentifier>
    </Filter>
    <Filter Include="TnbLib\MeshAft\Front\Iso\Adaptor">
      <UniqueIdentifier>{5c09a53c-325a-4eb1-85a6-3bc3e1f0c844}</UniqueIdentifier>
    </Filter>
    <Filter Include="TnbLib\MeshAft\Front\AnIso\Adaptor">
      <UniqueIdentifier>{34f13301-3f7c-4104-b97b-5111ccc15292}</UniqueIdentifier>
    </Filter>
    <Filter Include="TnbLib\MeshAft\Front\Surface\Info">
      <UniqueIdentifier>{16a167db-037a-4d1b-bf9a-b874b97ee1b7}</UniqueIdentifier>
    </Filter>
    <Filter Include="TnbLib\MeshAft\Front\Surface\Adaptor">
      <UniqueIdentifier>{350221c4-f4dd-4af8-96cb-9d5196b8286d}</UniqueIdentifier>
    </Filter>
    <Filter Include="TnbLib\MeshAft\Core\Base">
      <UniqueIdentifier>{5ea09d3c-4423-4384-8863-e4889523829f}</UniqueIdentifier>
    </Filter>
    <Filter Include="TnbLib\MeshAft\Core\Iso">
      <UniqueIdentifier>{c026773f-3537-435c-a040-8c12f619631e}</UniqueIdentifier>
    </Filter>
    <Filter Include="TnbLib\MeshAft\Core\AnIso">
      <UniqueIdentifier>{94c76320-4a2a-4e95-866e-8a4d66d66893}</UniqueIdentifier>
    </Filter>
    <Filter Include="TnbLib\MeshAft\Core\Surface">
      <UniqueIdentifier>{a85c4f7c-f8bc-45cd-bef1-86b9b60bef67}</UniqueIdentifier>
    </Filter>
    <Filter Include="TnbLib\MeshAft\OptNode">
      <UniqueIdentifier>{1f225dd6-8aab-4db0-9aa9-b57e309d727d}</UniqueIdentifier>
    </Filter>
    <Filter Include="TnbLib\MeshAft\OptNode\Analytical">
      <UniqueIdentifier>{6cf9e237-f5ab-4529-a082-76c6da0f72da}</UniqueIdentifier>
    </Filter>
    <Filter Include="TnbLib\MeshAft\OptNode\Analytical\Iso">
      <UniqueIdentifier>{2478e76e-3c3e-4fbb-bd8f-86e5f40b733b}</UniqueIdentifier>
    </Filter>
    <Filter Include="TnbLib\MeshAft\OptNode\Analytical\AnIso">
      <UniqueIdentifier>{3f2e70dd-1c35-4ea9-a38d-36c7871a4c9c}</UniqueIdentifier>
    </Filter>
    <Filter Include="TnbLib\MeshAft\OptNode\Analytical\Surface">
      <UniqueIdentifier>{db5f576a-bfe1-49d7-9703-9badb82b6dfd}</UniqueIdentifier>
    </Filter>
    <Filter Include="TnbLib\MeshAft\OptNode\Analytical\Iso\2d">
      <UniqueIdentifier>{5056defa-6e10-4e16-a817-f94af88b08b9}</UniqueIdentifier>
    </Filter>
    <Filter Include="TnbLib\MeshAft\OptNode\Analytical\Iso\3d">
      <UniqueIdentifier>{d032be32-3b8d-4123-aa7f-c36a0832d6f8}</UniqueIdentifier>
    </Filter>
    <Filter Include="TnbLib\MeshAft\OptNode\Analytical\AnIso\2d">
      <UniqueIdentifier>{5f3f8e99-d282-4d0c-a21a-0a5bd05f5715}</UniqueIdentifier>
    </Filter>
    <Filter Include="TnbLib\MeshAft\OptNode\Analytical\AnIso\3d">
      <UniqueIdentifier>{a4180690-16a9-4515-b8e6-ef46c0cb9dee}</UniqueIdentifier>
    </Filter>
    <Filter Include="TnbLib\MeshAft\OptNode\Calculator">
      <UniqueIdentifier>{34080171-ca2c-4fd9-82b1-470c4da2a71f}</UniqueIdentifier>
    </Filter>
    <Filter Include="TnbLib\MeshAft\OptNode\Calculator\Iso">
      <UniqueIdentifier>{1b5e20e0-9fea-49ad-be75-0482049d1e4a}</UniqueIdentifier>
    </Filter>
    <Filter Include="TnbLib\MeshAft\OptNode\Calculator\AnIso">
      <UniqueIdentifier>{4958451a-a716-4923-b39e-d70507a9ee1a}</UniqueIdentifier>
    </Filter>
    <Filter Include="TnbLib\MeshAft\OptNode\Calculator\Surface">
      <UniqueIdentifier>{7b6e5173-69a0-4281-8006-01bf974744e9}</UniqueIdentifier>
    </Filter>
    <Filter Include="TnbLib\MeshAft\OptNode\Calculator\Iso\2d">
      <UniqueIdentifier>{2f36502c-772b-4173-b7d2-39ce15f5577c}</UniqueIdentifier>
    </Filter>
    <Filter Include="TnbLib\MeshAft\OptNode\Calculator\Iso\3d">
      <UniqueIdentifier>{7e57691e-2b7d-4d83-ab37-2c9ae871af7f}</UniqueIdentifier>
    </Filter>
    <Filter Include="TnbLib\MeshAft\OptNode\Calculator\AnIso\2d">
      <UniqueIdentifier>{4824f3e9-ddb6-4ade-89fe-60763dc5e63f}</UniqueIdentifier>
    </Filter>
    <Filter Include="TnbLib\MeshAft\OptNode\Calculator\AnIso\3d">
      <UniqueIdentifier>{833aea1d-9a70-44cb-b128-21804bcd0276}</UniqueIdentifier>
    </Filter>
    <Filter Include="TnbLib\MeshAft\OptNode\Corrector">
      <UniqueIdentifier>{8d88d18f-334c-40d1-8bbd-922a131525e0}</UniqueIdentifier>
    </Filter>
    <Filter Include="TnbLib\MeshAft\Core\Iso\2d">
      <UniqueIdentifier>{614e3aef-464f-4dba-903d-39ef70cc570e}</UniqueIdentifier>
    </Filter>
    <Filter Include="TnbLib\MeshAft\Core\Iso\3d">
      <UniqueIdentifier>{aabcaea5-7e31-45cb-b00f-ca7fcb4c0380}</UniqueIdentifier>
    </Filter>
    <Filter Include="TnbLib\MeshAft\Core\AnIso\2d">
      <UniqueIdentifier>{b63a7a42-e127-4907-a122-39716d4100d5}</UniqueIdentifier>
    </Filter>
    <Filter Include="TnbLib\MeshAft\Boundary">
      <UniqueIdentifier>{94b78f78-1b3e-4802-bfcb-d1483558d56b}</UniqueIdentifier>
    </Filter>
    <Filter Include="TnbLib\MeshAft\Boundary\Plane">
      <UniqueIdentifier>{8a97628e-f9b8-4b1d-96e9-dd5cc9478970}</UniqueIdentifier>
    </Filter>
    <Filter Include="TnbLib\MeshAft\Boundary\Plane\Check">
      <UniqueIdentifier>{8a0f84d9-876f-4f17-b612-344c5a83b7c2}</UniqueIdentifier>
    </Filter>
    <Filter Include="TnbLib\MeshAft\Boundary\Plane\Info">
      <UniqueIdentifier>{f3441281-0a45-45f3-b55f-4c08c0a290a1}</UniqueIdentifier>
    </Filter>
  </ItemGroup>
  <ItemGroup>
    <ClInclude Include="TnbLib\MeshAft\MetricPrcsr\Aft_MetricPrcsr.hxx">
      <Filter>TnbLib\MeshAft\MetricPrcsr</Filter>
    </ClInclude>
    <ClInclude Include="TnbLib\MeshAft\MetricPrcsr\Aft_MetricPrcsrI.hxx">
      <Filter>TnbLib\MeshAft\MetricPrcsr</Filter>
    </ClInclude>
    <ClInclude Include="TnbLib\MeshAft\Entities\Node\Aft_Node.hxx">
      <Filter>TnbLib\MeshAft\Entities\Node</Filter>
    </ClInclude>
    <ClInclude Include="TnbLib\MeshAft\Entities\Node\Adaptor\Aft_NodeAdaptor.hxx">
      <Filter>TnbLib\MeshAft\Entities\Node\Adaptor</Filter>
    </ClInclude>
    <ClInclude Include="TnbLib\MeshAft\Entities\Node\Iso\2d\Aft2d_NodeFwd.hxx">
      <Filter>TnbLib\MeshAft\Entities\Node\Iso\2d</Filter>
    </ClInclude>
    <ClInclude Include="TnbLib\MeshAft\Entities\Node\Iso\3d\Aft3d_NodeFwd.hxx">
      <Filter>TnbLib\MeshAft\Entities\Node\Iso\3d</Filter>
    </ClInclude>
    <ClInclude Include="TnbLib\MeshAft\Entities\Node\AnIso\2d\Aft2d_NodeAnIsoFwd.hxx">
      <Filter>TnbLib\MeshAft\Entities\Node\AnIso\2d</Filter>
    </ClInclude>
    <ClInclude Include="TnbLib\MeshAft\Entities\Node\AnIso\3d\Aft3d_NodeAnIsoFwd.hxx">
      <Filter>TnbLib\MeshAft\Entities\Node\AnIso\3d</Filter>
    </ClInclude>
    <ClInclude Include="TnbLib\MeshAft\Entities\Node\Surface\Aft2d_NodeSurfaceFwd.hxx">
      <Filter>TnbLib\MeshAft\Entities\Node\Surface</Filter>
    </ClInclude>
    <ClInclude Include="TnbLib\MeshAft\Entities\Edge\Iso\2d\Aft2d_EdgeFwd.hxx">
      <Filter>TnbLib\MeshAft\Entities\Edge\Iso\2d</Filter>
    </ClInclude>
    <ClInclude Include="TnbLib\MeshAft\Entities\Edge\Iso\3d\Aft3d_EdgeFwd.hxx">
      <Filter>TnbLib\MeshAft\Entities\Edge\Iso\3d</Filter>
    </ClInclude>
    <ClInclude Include="TnbLib\MeshAft\Entities\Edge\AnIso\2d\Aft2d_EdgeAnIsoFwd.hxx">
      <Filter>TnbLib\MeshAft\Entities\Edge\AnIso\2d</Filter>
    </ClInclude>
    <ClInclude Include="TnbLib\MeshAft\Entities\Edge\AnIso\3d\Aft3d_EdgeAnIsoFwd.hxx">
      <Filter>TnbLib\MeshAft\Entities\Edge\AnIso\3d</Filter>
    </ClInclude>
    <ClInclude Include="TnbLib\MeshAft\Entities\Edge\Surface\Aft2d_EdgeSurfaceFwd.hxx">
      <Filter>TnbLib\MeshAft\Entities\Edge\Surface</Filter>
    </ClInclude>
    <ClInclude Include="TnbLib\MeshAft\Entities\Element\Iso\2d\Aft2d_ElementFwd.hxx">
      <Filter>TnbLib\MeshAft\Entities\Element\Iso\2d</Filter>
    </ClInclude>
    <ClInclude Include="TnbLib\MeshAft\Entities\Element\Aft_ElementFwd.hxx">
      <Filter>TnbLib\MeshAft\Entities\Element</Filter>
    </ClInclude>
    <ClInclude Include="TnbLib\MeshAft\Entities\Element\Iso\3d\Aft3d_ElementFwd.hxx">
      <Filter>TnbLib\MeshAft\Entities\Element\Iso\3d</Filter>
    </ClInclude>
    <ClInclude Include="TnbLib\MeshAft\Entities\Element\Surface\Aft2d_ElementSurfaceFwd.hxx">
      <Filter>TnbLib\MeshAft\Entities\Element\Surface</Filter>
    </ClInclude>
    <ClInclude Include="TnbLib\MeshAft\Entities\Element\AnIso\2d\Aft2d_ElementAnIsoFwd.hxx">
      <Filter>TnbLib\MeshAft\Entities\Element\AnIso\2d</Filter>
    </ClInclude>
    <ClInclude Include="TnbLib\MeshAft\Entities\Element\AnIso\3d\Aft3d_ElementAnIsoFwd.hxx">
      <Filter>TnbLib\MeshAft\Entities\Element\AnIso\3d</Filter>
    </ClInclude>
    <ClInclude Include="TnbLib\MeshAft\Entities\Facet\Aft_FacetFwd.hxx">
      <Filter>TnbLib\MeshAft\Entities\Facet</Filter>
    </ClInclude>
    <ClInclude Include="TnbLib\MeshAft\Entities\Facet\Iso\Aft3d_FacetFwd.hxx">
      <Filter>TnbLib\MeshAft\Entities\Facet\Iso</Filter>
    </ClInclude>
    <ClInclude Include="TnbLib\MeshAft\Entities\Facet\AnIso\Aft3d_FacetAnIsoFwd.hxx">
      <Filter>TnbLib\MeshAft\Entities\Facet\AnIso</Filter>
    </ClInclude>
    <ClInclude Include="TnbLib\MeshAft\Entities\Node\Traits\Aft2d_NodeTraits.hxx">
      <Filter>TnbLib\MeshAft\Entities\Node\Traits</Filter>
    </ClInclude>
    <ClInclude Include="TnbLib\MeshAft\Entities\Node\Type\Aft_NodeType.hxx">
      <Filter>TnbLib\MeshAft\Entities\Node\Type</Filter>
    </ClInclude>
    <ClInclude Include="TnbLib\MeshAft\Entities\Node\Traits\Aft2d_NodeAnIsoTraits.hxx">
      <Filter>TnbLib\MeshAft\Entities\Node\Traits</Filter>
    </ClInclude>
    <ClInclude Include="TnbLib\MeshAft\Entities\Node\Traits\Aft2d_NodeSurfaceTraits.hxx">
      <Filter>TnbLib\MeshAft\Entities\Node\Traits</Filter>
    </ClInclude>
    <ClInclude Include="TnbLib\MeshAft\Entities\Node\Traits\Aft3d_NodeAnIsoTraits.hxx">
      <Filter>TnbLib\MeshAft\Entities\Node\Traits</Filter>
    </ClInclude>
    <ClInclude Include="TnbLib\MeshAft\Entities\Node\Traits\Aft3d_NodeTraits.hxx">
      <Filter>TnbLib\MeshAft\Entities\Node\Traits</Filter>
    </ClInclude>
    <ClInclude Include="TnbLib\MeshAft\Entities\Node\Iso\2d\Aft2d_Node.hxx">
      <Filter>TnbLib\MeshAft\Entities\Node\Iso\2d</Filter>
    </ClInclude>
    <ClInclude Include="TnbLib\MeshAft\Entities\Front\Identifiers\Entity\Aft_EntityIdentifier.hxx">
      <Filter>TnbLib\MeshAft\Entities\Front\Identifiers\Entity</Filter>
    </ClInclude>
    <ClInclude Include="TnbLib\MeshAft\Entities\Front\Identifiers\Node\Aft_NodeIdentifier.hxx">
      <Filter>TnbLib\MeshAft\Entities\Front\Identifiers\Node</Filter>
    </ClInclude>
    <ClInclude Include="TnbLib\MeshAft\Entities\Front\Identifiers\Edge\AnIso\Aft2d_EdgeIdentifierAnIso.hxx">
      <Filter>TnbLib\MeshAft\Entities\Front\Identifiers\Edge\AnIso</Filter>
    </ClInclude>
    <ClInclude Include="TnbLib\MeshAft\Entities\Front\Identifiers\Edge\Surface\Aft2d_EdgeIdentifierSurface.hxx">
      <Filter>TnbLib\MeshAft\Entities\Front\Identifiers\Edge\Surface</Filter>
    </ClInclude>
    <ClInclude Include="TnbLib\MeshAft\Entities\Node\Aft_NodeI.hxx">
      <Filter>TnbLib\MeshAft\Entities\Node</Filter>
    </ClInclude>
    <ClInclude Include="TnbLib\MeshAft\Entities\Node\Surface\Aft2d_NodeSurface.hxx">
      <Filter>TnbLib\MeshAft\Entities\Node\Surface</Filter>
    </ClInclude>
    <ClInclude Include="TnbLib\MeshAft\Entities\Node\Iso\3d\Aft3d_Node.hxx">
      <Filter>TnbLib\MeshAft\Entities\Node\Iso\3d</Filter>
    </ClInclude>
    <ClInclude Include="TnbLib\MeshAft\Entities\Node\AnIso\3d\Aft3d_NodeAnIso.hxx">
      <Filter>TnbLib\MeshAft\Entities\Node\AnIso\3d</Filter>
    </ClInclude>
    <ClInclude Include="TnbLib\MeshAft\Entities\Node\AnIso\2d\Aft2d_NodeAnIso.hxx">
      <Filter>TnbLib\MeshAft\Entities\Node\AnIso\2d</Filter>
    </ClInclude>
    <ClInclude Include="TnbLib\MeshAft\Entities\Facet\Aft_Facet.hxx">
      <Filter>TnbLib\MeshAft\Entities\Facet</Filter>
    </ClInclude>
    <ClInclude Include="TnbLib\MeshAft\Entities\Facet\Traits\Aft3d_FacetTraits.hxx">
      <Filter>TnbLib\MeshAft\Entities\Facet\Traits</Filter>
    </ClInclude>
    <ClInclude Include="TnbLib\MeshAft\Entities\Facet\Traits\Aft3d_FacetAnIsoTraits.hxx">
      <Filter>TnbLib\MeshAft\Entities\Facet\Traits</Filter>
    </ClInclude>
    <ClInclude Include="TnbLib\MeshAft\Entities\Facet\Iso\Aft3d_Facet.hxx">
      <Filter>TnbLib\MeshAft\Entities\Facet\Iso</Filter>
    </ClInclude>
    <ClInclude Include="TnbLib\MeshAft\Entities\Facet\AnIso\Aft3d_FacetAnIso.hxx">
      <Filter>TnbLib\MeshAft\Entities\Facet\AnIso</Filter>
    </ClInclude>
    <ClInclude Include="TnbLib\MeshAft\Entities\Element\Iso\2d\Aft2d_Element.hxx">
      <Filter>TnbLib\MeshAft\Entities\Element\Iso\2d</Filter>
    </ClInclude>
    <ClInclude Include="TnbLib\MeshAft\Entities\Element\Aft_Element.hxx">
      <Filter>TnbLib\MeshAft\Entities\Element</Filter>
    </ClInclude>
    <ClInclude Include="TnbLib\MeshAft\Entities\Element\Traits\Aft2d_ElementAnIsoTraits.hxx">
      <Filter>TnbLib\MeshAft\Entities\Element\Traits</Filter>
    </ClInclude>
    <ClInclude Include="TnbLib\MeshAft\Entities\Element\Traits\Aft2d_ElementSurfaceTraits.hxx">
      <Filter>TnbLib\MeshAft\Entities\Element\Traits</Filter>
    </ClInclude>
    <ClInclude Include="TnbLib\MeshAft\Entities\Element\Traits\Aft2d_ElementTraits.hxx">
      <Filter>TnbLib\MeshAft\Entities\Element\Traits</Filter>
    </ClInclude>
    <ClInclude Include="TnbLib\MeshAft\Entities\Element\Traits\Aft3d_ElementAnIsoTraits.hxx">
      <Filter>TnbLib\MeshAft\Entities\Element\Traits</Filter>
    </ClInclude>
    <ClInclude Include="TnbLib\MeshAft\Entities\Element\Traits\Aft3d_ElementTraits.hxx">
      <Filter>TnbLib\MeshAft\Entities\Element\Traits</Filter>
    </ClInclude>
    <ClInclude Include="TnbLib\MeshAft\Entities\Element\Iso\3d\Aft3d_Element.hxx">
      <Filter>TnbLib\MeshAft\Entities\Element\Iso\3d</Filter>
    </ClInclude>
    <ClInclude Include="TnbLib\MeshAft\Entities\Element\Surface\Aft2d_ElementSurface.hxx">
      <Filter>TnbLib\MeshAft\Entities\Element\Surface</Filter>
    </ClInclude>
    <ClInclude Include="TnbLib\MeshAft\Entities\Element\AnIso\3d\Aft3d_ElementAnIso.hxx">
      <Filter>TnbLib\MeshAft\Entities\Element\AnIso\3d</Filter>
    </ClInclude>
    <ClInclude Include="TnbLib\MeshAft\Entities\Element\AnIso\2d\Aft2d_ElementAnIso.hxx">
      <Filter>TnbLib\MeshAft\Entities\Element\AnIso\2d</Filter>
    </ClInclude>
    <ClInclude Include="TnbLib\MeshAft\Entities\Edge\Traits\Aft2d_EdgeAnIsoTraits.hxx">
      <Filter>TnbLib\MeshAft\Entities\Edge\Traits</Filter>
    </ClInclude>
    <ClInclude Include="TnbLib\MeshAft\Entities\Edge\Traits\Aft2d_EdgeSurfaceTraits.hxx">
      <Filter>TnbLib\MeshAft\Entities\Edge\Traits</Filter>
    </ClInclude>
    <ClInclude Include="TnbLib\MeshAft\Entities\Edge\Traits\Aft2d_EdgeTraits.hxx">
      <Filter>TnbLib\MeshAft\Entities\Edge\Traits</Filter>
    </ClInclude>
    <ClInclude Include="TnbLib\MeshAft\Entities\Edge\Traits\Aft3d_EdgeAnIsoTraits.hxx">
      <Filter>TnbLib\MeshAft\Entities\Edge\Traits</Filter>
    </ClInclude>
    <ClInclude Include="TnbLib\MeshAft\Entities\Edge\Traits\Aft3d_EdgeTraits.hxx">
      <Filter>TnbLib\MeshAft\Entities\Edge\Traits</Filter>
    </ClInclude>
    <ClInclude Include="TnbLib\MeshAft\Entities\Edge\Surface\Aft2d_EdgeSurface.hxx">
      <Filter>TnbLib\MeshAft\Entities\Edge\Surface</Filter>
    </ClInclude>
    <ClInclude Include="TnbLib\MeshAft\Entities\Edge\Aft_Edge.hxx">
      <Filter>TnbLib\MeshAft\Entities\Edge</Filter>
    </ClInclude>
    <ClInclude Include="TnbLib\MeshAft\Entities\Edge\Aft_EdgeI.hxx">
      <Filter>TnbLib\MeshAft\Entities\Edge</Filter>
    </ClInclude>
    <ClInclude Include="TnbLib\MeshAft\Entities\Edge\Iso\3d\Aft3d_Edge.hxx">
      <Filter>TnbLib\MeshAft\Entities\Edge\Iso\3d</Filter>
    </ClInclude>
    <ClInclude Include="TnbLib\MeshAft\Entities\Edge\Iso\2d\Aft2d_Edge.hxx">
      <Filter>TnbLib\MeshAft\Entities\Edge\Iso\2d</Filter>
    </ClInclude>
    <ClInclude Include="TnbLib\MeshAft\Entities\Edge\AnIso\3d\Aft3d_EdgeAnIso.hxx">
      <Filter>TnbLib\MeshAft\Entities\Edge\AnIso\3d</Filter>
    </ClInclude>
    <ClInclude Include="TnbLib\MeshAft\Entities\Edge\AnIso\2d\Aft2d_EdgeAnIso.hxx">
      <Filter>TnbLib\MeshAft\Entities\Edge\AnIso\2d</Filter>
    </ClInclude>
    <ClInclude Include="TnbLib\MeshAft\Entities\Bnd\Node\Iso\2d\Aft2d_CornerNodeFwd.hxx">
      <Filter>TnbLib\MeshAft\Entities\Bnd\Node\Iso\2d</Filter>
    </ClInclude>
    <ClInclude Include="TnbLib\MeshAft\Entities\Bnd\Node\Iso\2d\Aft2d_SegmentNodeFwd.hxx">
      <Filter>TnbLib\MeshAft\Entities\Bnd\Node\Iso\2d</Filter>
    </ClInclude>
    <ClInclude Include="TnbLib\MeshAft\Entities\Bnd\Node\Iso\3d\Aft3d_CornerNodeFwd.hxx">
      <Filter>TnbLib\MeshAft\Entities\Bnd\Node\Iso\3d</Filter>
    </ClInclude>
    <ClInclude Include="TnbLib\MeshAft\Entities\Bnd\Node\Iso\3d\Aft3d_FacetNodeFwd.hxx">
      <Filter>TnbLib\MeshAft\Entities\Bnd\Node\Iso\3d</Filter>
    </ClInclude>
    <ClInclude Include="TnbLib\MeshAft\Entities\Bnd\Node\Iso\3d\Aft3d_SegmentNodeFwd.hxx">
      <Filter>TnbLib\MeshAft\Entities\Bnd\Node\Iso\3d</Filter>
    </ClInclude>
    <ClInclude Include="TnbLib\MeshAft\Entities\Bnd\Node\Iso\BNode\Aft2d_BndNodeFwd.hxx">
      <Filter>TnbLib\MeshAft\Entities\Bnd\Node\Iso\BNode</Filter>
    </ClInclude>
    <ClInclude Include="TnbLib\MeshAft\Entities\Bnd\Node\Iso\BNode\Aft3d_BndNodeFwd.hxx">
      <Filter>TnbLib\MeshAft\Entities\Bnd\Node\Iso\BNode</Filter>
    </ClInclude>
    <ClInclude Include="TnbLib\MeshAft\Entities\Bnd\Node\AnIso\2d\Aft2d_CornerNodeAnIsoFwd.hxx">
      <Filter>TnbLib\MeshAft\Entities\Bnd\Node\AnIso\2d</Filter>
    </ClInclude>
    <ClInclude Include="TnbLib\MeshAft\Entities\Bnd\Node\AnIso\2d\Aft2d_SegmentNodeAnIsoFwd.hxx">
      <Filter>TnbLib\MeshAft\Entities\Bnd\Node\AnIso\2d</Filter>
    </ClInclude>
    <ClInclude Include="TnbLib\MeshAft\Entities\Bnd\Node\AnIso\3d\Aft3d_CornerNodeAnIsoFwd.hxx">
      <Filter>TnbLib\MeshAft\Entities\Bnd\Node\AnIso\3d</Filter>
    </ClInclude>
    <ClInclude Include="TnbLib\MeshAft\Entities\Bnd\Node\AnIso\3d\Aft3d_FacetNodeAnIsoFwd.hxx">
      <Filter>TnbLib\MeshAft\Entities\Bnd\Node\AnIso\3d</Filter>
    </ClInclude>
    <ClInclude Include="TnbLib\MeshAft\Entities\Bnd\Node\AnIso\3d\Aft3d_SegmentNodeAnIsoFwd.hxx">
      <Filter>TnbLib\MeshAft\Entities\Bnd\Node\AnIso\3d</Filter>
    </ClInclude>
    <ClInclude Include="TnbLib\MeshAft\Entities\Bnd\Node\AnIso\BNode\Aft2d_BndNodeAnIsoFwd.hxx">
      <Filter>TnbLib\MeshAft\Entities\Bnd\Node\AnIso\BNode</Filter>
    </ClInclude>
    <ClInclude Include="TnbLib\MeshAft\Entities\Bnd\Node\AnIso\BNode\Aft3d_BndNodeAnIsoFwd.hxx">
      <Filter>TnbLib\MeshAft\Entities\Bnd\Node\AnIso\BNode</Filter>
    </ClInclude>
    <ClInclude Include="TnbLib\MeshAft\Entities\Bnd\Node\Surface\BNode\Aft2d_BndNodeSurfaceFwd.hxx">
      <Filter>TnbLib\MeshAft\Entities\Bnd\Node\Surface\BNode</Filter>
    </ClInclude>
    <ClInclude Include="TnbLib\MeshAft\Entities\Bnd\Node\Surface\G\Aft2d_gCornerNodeFwd.hxx">
      <Filter>TnbLib\MeshAft\Entities\Bnd\Node\Surface\G</Filter>
    </ClInclude>
    <ClInclude Include="TnbLib\MeshAft\Entities\Bnd\Node\Surface\G\Aft2d_gSegmentNodeFwd.hxx">
      <Filter>TnbLib\MeshAft\Entities\Bnd\Node\Surface\G</Filter>
    </ClInclude>
    <ClInclude Include="TnbLib\MeshAft\Entities\Bnd\Node\Surface\T\Aft2d_tCornerNodeFwd.hxx">
      <Filter>TnbLib\MeshAft\Entities\Bnd\Node\Surface\T</Filter>
    </ClInclude>
    <ClInclude Include="TnbLib\MeshAft\Entities\Bnd\Node\Surface\T\Aft2d_tSegmentNodeFwd.hxx">
      <Filter>TnbLib\MeshAft\Entities\Bnd\Node\Surface\T</Filter>
    </ClInclude>
    <ClInclude Include="TnbLib\MeshAft\Entities\Bnd\Node\Traits\Aft2d_BndNodeAnIsoTraits.hxx">
      <Filter>TnbLib\MeshAft\Entities\Bnd\Node\Traits</Filter>
    </ClInclude>
    <ClInclude Include="TnbLib\MeshAft\Entities\Bnd\Edge\Iso\2d\Aft2d_SegmentEdgeFwd.hxx">
      <Filter>TnbLib\MeshAft\Entities\Bnd\Edge\Iso\2d</Filter>
    </ClInclude>
    <ClInclude Include="TnbLib\MeshAft\Entities\Bnd\Edge\Iso\3d\Aft3d_SegmentEdgeFwd.hxx">
      <Filter>TnbLib\MeshAft\Entities\Bnd\Edge\Iso\3d</Filter>
    </ClInclude>
    <ClInclude Include="TnbLib\MeshAft\Entities\Bnd\Edge\Iso\BEdge\Aft2d_BndEdgeFwd.hxx">
      <Filter>TnbLib\MeshAft\Entities\Bnd\Edge\Iso\BEdge</Filter>
    </ClInclude>
    <ClInclude Include="TnbLib\MeshAft\Entities\Bnd\Edge\Iso\BEdge\Aft3d_BndEdgeFwd.hxx">
      <Filter>TnbLib\MeshAft\Entities\Bnd\Edge\Iso\BEdge</Filter>
    </ClInclude>
    <ClInclude Include="TnbLib\MeshAft\Entities\Bnd\Edge\AnIso\3d\Aft3d_SegmentEdgeAnIsoFwd.hxx">
      <Filter>TnbLib\MeshAft\Entities\Bnd\Edge\AnIso\3d</Filter>
    </ClInclude>
    <ClInclude Include="TnbLib\MeshAft\Entities\Bnd\Edge\AnIso\2d\Aft2d_SegmentEdgeAnIsoFwd.hxx">
      <Filter>TnbLib\MeshAft\Entities\Bnd\Edge\AnIso\2d</Filter>
    </ClInclude>
    <ClInclude Include="TnbLib\MeshAft\Entities\Bnd\Edge\AnIso\BEdge\Aft2d_BndEdgeAnIsoFwd.hxx">
      <Filter>TnbLib\MeshAft\Entities\Bnd\Edge\AnIso\BEdge</Filter>
    </ClInclude>
    <ClInclude Include="TnbLib\MeshAft\Entities\Bnd\Edge\AnIso\BEdge\Aft3d_BndEdgeAnIsoFwd.hxx">
      <Filter>TnbLib\MeshAft\Entities\Bnd\Edge\AnIso\BEdge</Filter>
    </ClInclude>
    <ClInclude Include="TnbLib\MeshAft\Entities\Bnd\Edge\Surface\BEdge\Aft2d_BndEdgeSurfaceFwd.hxx">
      <Filter>TnbLib\MeshAft\Entities\Bnd\Edge\Surface\BEdge</Filter>
    </ClInclude>
    <ClInclude Include="TnbLib\MeshAft\Entities\Bnd\Edge\Surface\G\Aft2d_gSegmentEdgeFwd.hxx">
      <Filter>TnbLib\MeshAft\Entities\Bnd\Edge\Surface\G</Filter>
    </ClInclude>
    <ClInclude Include="TnbLib\MeshAft\Entities\Bnd\Edge\Surface\T\Aft2d_tSegmentEdgeFwd.hxx">
      <Filter>TnbLib\MeshAft\Entities\Bnd\Edge\Surface\T</Filter>
    </ClInclude>
    <ClInclude Include="TnbLib\MeshAft\Entities\Bnd\Node\Traits\Aft2d_BndNodeSurfaceTraits.hxx">
      <Filter>TnbLib\MeshAft\Entities\Bnd\Node\Traits</Filter>
    </ClInclude>
    <ClInclude Include="TnbLib\MeshAft\Entities\Bnd\Node\Traits\Aft2d_BndNodeTraits.hxx">
      <Filter>TnbLib\MeshAft\Entities\Bnd\Node\Traits</Filter>
    </ClInclude>
    <ClInclude Include="TnbLib\MeshAft\Entities\Bnd\Node\Traits\Aft2d_gBndNodeSurfaceTraits.hxx">
      <Filter>TnbLib\MeshAft\Entities\Bnd\Node\Traits</Filter>
    </ClInclude>
    <ClInclude Include="TnbLib\MeshAft\Entities\Bnd\Node\Traits\Aft2d_TBndNodeAnIsoTraits.hxx">
      <Filter>TnbLib\MeshAft\Entities\Bnd\Node\Traits</Filter>
    </ClInclude>
    <ClInclude Include="TnbLib\MeshAft\Entities\Bnd\Node\Traits\Aft2d_tBndNodeSurfaceTraits.hxx">
      <Filter>TnbLib\MeshAft\Entities\Bnd\Node\Traits</Filter>
    </ClInclude>
    <ClInclude Include="TnbLib\MeshAft\Entities\Bnd\Node\Traits\Aft2d_TBndNodeTraits.hxx">
      <Filter>TnbLib\MeshAft\Entities\Bnd\Node\Traits</Filter>
    </ClInclude>
    <ClInclude Include="TnbLib\MeshAft\Entities\Bnd\Edge\Traits\Aft2d_BndEdgeAnIsoTraits.hxx">
      <Filter>TnbLib\MeshAft\Entities\Bnd\Edge\Traits</Filter>
    </ClInclude>
    <ClInclude Include="TnbLib\MeshAft\Entities\Bnd\Edge\Traits\Aft2d_BndEdgeSurfaceTraits.hxx">
      <Filter>TnbLib\MeshAft\Entities\Bnd\Edge\Traits</Filter>
    </ClInclude>
    <ClInclude Include="TnbLib\MeshAft\Entities\Bnd\Edge\Traits\Aft2d_BndEdgeTraits.hxx">
      <Filter>TnbLib\MeshAft\Entities\Bnd\Edge\Traits</Filter>
    </ClInclude>
    <ClInclude Include="TnbLib\MeshAft\Entities\Bnd\Node\AnIso\2d\Aft2d_CornerNodeAnIso.hxx">
      <Filter>TnbLib\MeshAft\Entities\Bnd\Node\AnIso\2d</Filter>
    </ClInclude>
    <ClInclude Include="TnbLib\MeshAft\Entities\Bnd\Node\AnIso\2d\Aft2d_SegmentNodeAnIso.hxx">
      <Filter>TnbLib\MeshAft\Entities\Bnd\Node\AnIso\2d</Filter>
    </ClInclude>
    <ClInclude Include="TnbLib\MeshAft\Entities\Bnd\Node\AnIso\BNode\Aft2d_BndNodeAnIso.hxx">
      <Filter>TnbLib\MeshAft\Entities\Bnd\Node\AnIso\BNode</Filter>
    </ClInclude>
    <ClInclude Include="TnbLib\MeshAft\Entities\Bnd\Node\Iso\2d\Aft2d_CornerNode.hxx">
      <Filter>TnbLib\MeshAft\Entities\Bnd\Node\Iso\2d</Filter>
    </ClInclude>
    <ClInclude Include="TnbLib\MeshAft\Entities\Bnd\Node\Iso\2d\Aft2d_SegmentNode.hxx">
      <Filter>TnbLib\MeshAft\Entities\Bnd\Node\Iso\2d</Filter>
    </ClInclude>
    <ClInclude Include="TnbLib\MeshAft\Entities\Bnd\Node\Iso\BNode\Aft2d_BndNode.hxx">
      <Filter>TnbLib\MeshAft\Entities\Bnd\Node\Iso\BNode</Filter>
    </ClInclude>
    <ClInclude Include="TnbLib\MeshAft\Entities\Bnd\Node\Surface\BNode\Aft2d_BndNodeSurface.hxx">
      <Filter>TnbLib\MeshAft\Entities\Bnd\Node\Surface\BNode</Filter>
    </ClInclude>
    <ClInclude Include="TnbLib\MeshAft\Entities\Bnd\Node\Surface\G\Aft2d_gCornerNode.hxx">
      <Filter>TnbLib\MeshAft\Entities\Bnd\Node\Surface\G</Filter>
    </ClInclude>
    <ClInclude Include="TnbLib\MeshAft\Entities\Bnd\Node\Surface\G\Aft2d_gSegmentNode.hxx">
      <Filter>TnbLib\MeshAft\Entities\Bnd\Node\Surface\G</Filter>
    </ClInclude>
    <ClInclude Include="TnbLib\MeshAft\Entities\Bnd\Node\Surface\T\Aft2d_tCornerNode.hxx">
      <Filter>TnbLib\MeshAft\Entities\Bnd\Node\Surface\T</Filter>
    </ClInclude>
    <ClInclude Include="TnbLib\MeshAft\Entities\Bnd\Node\Surface\T\Aft2d_tSegmentNode.hxx">
      <Filter>TnbLib\MeshAft\Entities\Bnd\Node\Surface\T</Filter>
    </ClInclude>
    <ClInclude Include="TnbLib\MeshAft\Entities\Bnd\Edge\Traits\Aft2d_gBndEdgeSurfaceTraits.hxx">
      <Filter>TnbLib\MeshAft\Entities\Bnd\Edge\Traits</Filter>
    </ClInclude>
    <ClInclude Include="TnbLib\MeshAft\Entities\Bnd\Edge\Traits\Aft2d_TBndEdgeAnIsoTraits.hxx">
      <Filter>TnbLib\MeshAft\Entities\Bnd\Edge\Traits</Filter>
    </ClInclude>
    <ClInclude Include="TnbLib\MeshAft\Entities\Bnd\Edge\Traits\Aft2d_tBndEdgeSurfaceTraits.hxx">
      <Filter>TnbLib\MeshAft\Entities\Bnd\Edge\Traits</Filter>
    </ClInclude>
    <ClInclude Include="TnbLib\MeshAft\Entities\Bnd\Edge\Traits\Aft2d_TBndEdgeTraits.hxx">
      <Filter>TnbLib\MeshAft\Entities\Bnd\Edge\Traits</Filter>
    </ClInclude>
    <ClInclude Include="TnbLib\MeshAft\Entities\Bnd\Edge\Iso\2d\Aft2d_SegmentEdge.hxx">
      <Filter>TnbLib\MeshAft\Entities\Bnd\Edge\Iso\2d</Filter>
    </ClInclude>
    <ClInclude Include="TnbLib\MeshAft\Entities\Bnd\Edge\Iso\BEdge\Aft2d_BndEdge.hxx">
      <Filter>TnbLib\MeshAft\Entities\Bnd\Edge\Iso\BEdge</Filter>
    </ClInclude>
    <ClInclude Include="TnbLib\MeshAft\Entities\Bnd\Edge\AnIso\2d\Aft2d_SegmentEdgeAnIso.hxx">
      <Filter>TnbLib\MeshAft\Entities\Bnd\Edge\AnIso\2d</Filter>
    </ClInclude>
    <ClInclude Include="TnbLib\MeshAft\Entities\Bnd\Edge\AnIso\3d\Aft3d_FacetEdgeAnIsoFwd.hxx">
      <Filter>TnbLib\MeshAft\Entities\Bnd\Edge\AnIso\3d</Filter>
    </ClInclude>
    <ClInclude Include="TnbLib\MeshAft\Entities\Bnd\Edge\AnIso\BEdge\Aft2d_BndEdgeAnIso.hxx">
      <Filter>TnbLib\MeshAft\Entities\Bnd\Edge\AnIso\BEdge</Filter>
    </ClInclude>
    <ClInclude Include="TnbLib\MeshAft\Entities\Bnd\Edge\Surface\BEdge\Aft2d_BndEdgeSurface.hxx">
      <Filter>TnbLib\MeshAft\Entities\Bnd\Edge\Surface\BEdge</Filter>
    </ClInclude>
    <ClInclude Include="TnbLib\MeshAft\Entities\Bnd\Edge\Surface\G\Aft2d_gSegmentEdge.hxx">
      <Filter>TnbLib\MeshAft\Entities\Bnd\Edge\Surface\G</Filter>
    </ClInclude>
    <ClInclude Include="TnbLib\MeshAft\Entities\Bnd\Edge\Surface\T\Aft2d_tSegmentEdge.hxx">
      <Filter>TnbLib\MeshAft\Entities\Bnd\Edge\Surface\T</Filter>
    </ClInclude>
    <ClInclude Include="TnbLib\MeshAft\Cad\Curve\Iso\2d\Aft2d_PlnCurveFwd.hxx">
      <Filter>TnbLib\MeshAft\Cad\Curve\Iso\2d</Filter>
    </ClInclude>
    <ClInclude Include="TnbLib\MeshAft\Cad\Curve\Iso\2d\Aft2d_PlnCurve.hxx">
      <Filter>TnbLib\MeshAft\Cad\Curve\Iso\2d</Filter>
    </ClInclude>
    <ClInclude Include="TnbLib\MeshAft\Cad\Curve\AnIso\2d\Aft2d_PlnCurveAnIsoFwd.hxx">
      <Filter>TnbLib\MeshAft\Cad\Curve\AnIso\2d</Filter>
    </ClInclude>
    <ClInclude Include="TnbLib\MeshAft\Cad\Curve\AnIso\2d\Aft2d_PlnCurveAnIso_Base.hxx">
      <Filter>TnbLib\MeshAft\Cad\Curve\AnIso\2d</Filter>
    </ClInclude>
    <ClInclude Include="TnbLib\MeshAft\Cad\Curve\AnIso\2d\Aft2d_PlnCurveAnIso.hxx">
      <Filter>TnbLib\MeshAft\Cad\Curve\AnIso\2d</Filter>
    </ClInclude>
    <ClInclude Include="TnbLib\MeshAft\Cad\Curve\Surface\G\Aft2d_gPlnCurveSurfaceFwd.hxx">
      <Filter>TnbLib\MeshAft\Cad\Curve\Surface\G</Filter>
    </ClInclude>
    <ClInclude Include="TnbLib\MeshAft\Cad\Curve\Surface\G\Aft2d_gPlnCurveSurface.hxx">
      <Filter>TnbLib\MeshAft\Cad\Curve\Surface\G</Filter>
    </ClInclude>
    <ClInclude Include="TnbLib\MeshAft\Cad\Curve\Surface\T\Aft2d_tPlnCurveSurfaceFwd.hxx">
      <Filter>TnbLib\MeshAft\Cad\Curve\Surface\T</Filter>
    </ClInclude>
    <ClInclude Include="TnbLib\MeshAft\Cad\Curve\Surface\T\Aft2d_tPlnCurveSurface.hxx">
      <Filter>TnbLib\MeshAft\Cad\Curve\Surface\T</Filter>
    </ClInclude>
    <ClInclude Include="TnbLib\MeshAft\Cad\Patch\G\Aft2d_gPatch.hxx">
      <Filter>TnbLib\MeshAft\Cad\Patch\G</Filter>
    </ClInclude>
    <ClInclude Include="TnbLib\MeshAft\Cad\Wire\Iso\Aft2d_PlnWireFwd.hxx">
      <Filter>TnbLib\MeshAft\Cad\Wire\Iso</Filter>
    </ClInclude>
    <ClInclude Include="TnbLib\MeshAft\Cad\Wire\Iso\Aft2d_PlnWire.hxx">
      <Filter>TnbLib\MeshAft\Cad\Wire\Iso</Filter>
    </ClInclude>
    <ClInclude Include="TnbLib\MeshAft\Cad\Wire\AnIso\Aft2d_PlnWireAnIsoFwd.hxx">
      <Filter>TnbLib\MeshAft\Cad\Wire\AnIso</Filter>
    </ClInclude>
    <ClInclude Include="TnbLib\MeshAft\Cad\Wire\AnIso\Aft2d_PlnWireAnIso.hxx">
      <Filter>TnbLib\MeshAft\Cad\Wire\AnIso</Filter>
    </ClInclude>
    <ClInclude Include="TnbLib\MeshAft\Cad\Wire\Surface\G\Aft2d_gPlnWireSurfaceFwd.hxx">
      <Filter>TnbLib\MeshAft\Cad\Wire\Surface\G</Filter>
    </ClInclude>
    <ClInclude Include="TnbLib\MeshAft\Cad\Wire\Surface\G\Aft2d_gPlnWireSurface.hxx">
      <Filter>TnbLib\MeshAft\Cad\Wire\Surface\G</Filter>
    </ClInclude>
    <ClInclude Include="TnbLib\MeshAft\Cad\Wire\Surface\T\Aft2d_tPlnWireSurfaceFwd.hxx">
      <Filter>TnbLib\MeshAft\Cad\Wire\Surface\T</Filter>
    </ClInclude>
    <ClInclude Include="TnbLib\MeshAft\Cad\Wire\Surface\T\Aft2d_tPlnWireSurface.hxx">
      <Filter>TnbLib\MeshAft\Cad\Wire\Surface\T</Filter>
    </ClInclude>
    <ClInclude Include="TnbLib\MeshAft\Cad\PlnRegion\Iso\Aft2d_PlnRegionFwd.hxx">
      <Filter>TnbLib\MeshAft\Cad\PlnRegion\Iso</Filter>
    </ClInclude>
    <ClInclude Include="TnbLib\MeshAft\Cad\PlnRegion\Iso\Aft2d_PlnRegion.hxx">
      <Filter>TnbLib\MeshAft\Cad\PlnRegion\Iso</Filter>
    </ClInclude>
    <ClInclude Include="TnbLib\MeshAft\Cad\PlnRegion\AnIso\Aft2d_PlnRegionAnIsoFwd.hxx">
      <Filter>TnbLib\MeshAft\Cad\PlnRegion\AnIso</Filter>
    </ClInclude>
    <ClInclude Include="TnbLib\MeshAft\Cad\PlnRegion\AnIso\Aft2d_PlnRegionAnIso.hxx">
      <Filter>TnbLib\MeshAft\Cad\PlnRegion\AnIso</Filter>
    </ClInclude>
    <ClInclude Include="TnbLib\MeshAft\Cad\PlnRegion\Surface\G\Aft2d_gPlnRegionSurfaceFwd.hxx">
      <Filter>TnbLib\MeshAft\Cad\PlnRegion\Surface\G</Filter>
    </ClInclude>
    <ClInclude Include="TnbLib\MeshAft\Cad\PlnRegion\Surface\G\Aft2d_gPlnRegionSurface.hxx">
      <Filter>TnbLib\MeshAft\Cad\PlnRegion\Surface\G</Filter>
    </ClInclude>
    <ClInclude Include="TnbLib\MeshAft\Cad\PlnRegion\Surface\T\Aft2d_tPlnRegionSurfaceFwd.hxx">
      <Filter>TnbLib\MeshAft\Cad\PlnRegion\Surface\T</Filter>
    </ClInclude>
    <ClInclude Include="TnbLib\MeshAft\Cad\PlnRegion\Surface\T\Aft2d_tPlnRegionSurface.hxx">
      <Filter>TnbLib\MeshAft\Cad\PlnRegion\Surface\T</Filter>
    </ClInclude>
    <ClInclude Include="TnbLib\MeshAft\Cad\Patch\T\Aft2d_tPatch.hxx">
      <Filter>TnbLib\MeshAft\Cad\Patch\T</Filter>
    </ClInclude>
    <ClInclude Include="TnbLib\MeshAft\Traits\Aft_TypeTraits.hxx">
      <Filter>TnbLib\MeshAft\Traits</Filter>
    </ClInclude>
    <ClInclude Include="TnbLib\MeshAft\MetricPrcsr\Info\Aft_MetricPrcsrAnIso_Info.hxx">
      <Filter>TnbLib\MeshAft\MetricPrcsr\Info</Filter>
    </ClInclude>
    <ClInclude Include="TnbLib\MeshAft\MetricPrcsr\System\Aft2d_MetricPrcsrAnIso_System.hxx">
      <Filter>TnbLib\MeshAft\MetricPrcsr\System</Filter>
    </ClInclude>
    <ClInclude Include="TnbLib\MeshAft\MetricPrcsr\Iso\2d\Aft2d_MetricPrcsr.hxx">
      <Filter>TnbLib\MeshAft\MetricPrcsr\Iso\2d</Filter>
    </ClInclude>
    <ClInclude Include="TnbLib\MeshAft\MetricPrcsr\Iso\3d\Aft3d_MetricPrcsr.hxx">
      <Filter>TnbLib\MeshAft\MetricPrcsr\Iso\3d</Filter>
    </ClInclude>
    <ClInclude Include="TnbLib\MeshAft\MetricPrcsr\AnIso\2d\Aft2d_MetricPrcsrAnIso.hxx">
      <Filter>TnbLib\MeshAft\MetricPrcsr\AnIso\2d</Filter>
    </ClInclude>
    <ClInclude Include="TnbLib\MeshAft\MetricPrcsr\Surface\Aft2d_MetricPrcsrSurfaceFwd.hxx">
      <Filter>TnbLib\MeshAft\MetricPrcsr\Surface</Filter>
    </ClInclude>
    <ClInclude Include="TnbLib\MeshAft\MetricPrcsr\Surface\Aft2d_MetricPrcsrSurface.hxx">
      <Filter>TnbLib\MeshAft\MetricPrcsr\Surface</Filter>
    </ClInclude>
    <ClInclude Include="TnbLib\MeshAft\MetricPrcsr\AnIso\2d\Aft2d_MetricPrcsrAnIsoFwd.hxx">
      <Filter>TnbLib\MeshAft\MetricPrcsr\AnIso\2d</Filter>
    </ClInclude>
    <ClInclude Include="TnbLib\MeshAft\Front\Info\Aft_FrontInfo.hxx">
      <Filter>TnbLib\MeshAft\Front\Info</Filter>
    </ClInclude>
    <ClInclude Include="TnbLib\MeshAft\Front\Traits\Aft_FrontTraits.hxx">
      <Filter>TnbLib\MeshAft\Front\Traits</Filter>
    </ClInclude>
    <ClInclude Include="TnbLib\MeshAft\Front\Data\Aft_FrontGlobalData.hxx">
      <Filter>TnbLib\MeshAft\Front\Data</Filter>
    </ClInclude>
    <ClInclude Include="TnbLib\MeshAft\Cavity\Aft_CavityData.hxx">
      <Filter>TnbLib\MeshAft\Cavity</Filter>
    </ClInclude>
    <ClInclude Include="TnbLib\MeshAft\Front\Info\2d\Adaptor\Aft2d_FrontInfoAdaptorTemplate.hxx">
      <Filter>TnbLib\MeshAft\Front\Info\2d\Adaptor</Filter>
    </ClInclude>
    <ClInclude Include="TnbLib\MeshAft\Front\Info\2d\Aft2d_FrontInfoTemplate.hxx">
      <Filter>TnbLib\MeshAft\Front\Info\2d</Filter>
    </ClInclude>
    <ClInclude Include="TnbLib\MeshAft\Front\Info\2d\Aft2d_FrontInfoTemplateI.hxx">
      <Filter>TnbLib\MeshAft\Front\Info\2d</Filter>
    </ClInclude>
    <ClInclude Include="TnbLib\MeshAft\Front\Iso\Adaptor\Aft2d_FrontInfoAdaptorFwd.hxx">
      <Filter>TnbLib\MeshAft\Front\Iso\Adaptor</Filter>
    </ClInclude>
    <ClInclude Include="TnbLib\MeshAft\Front\Iso\Adaptor\Aft2d_FrontInfoAdaptor.hxx">
      <Filter>TnbLib\MeshAft\Front\Iso\Adaptor</Filter>
    </ClInclude>
    <ClInclude Include="TnbLib\MeshAft\Front\Iso\Info\Aft2d_FrontInfoFwd.hxx">
      <Filter>TnbLib\MeshAft\Front\Iso\Info</Filter>
    </ClInclude>
    <ClInclude Include="TnbLib\MeshAft\Front\Iso\Info\Aft2d_FrontInfo.hxx">
      <Filter>TnbLib\MeshAft\Front\Iso\Info</Filter>
    </ClInclude>
    <ClInclude Include="TnbLib\MeshAft\Front\Iso\2d\Aft2d_FrontGlobalDataFwd.hxx">
      <Filter>TnbLib\MeshAft\Front\Iso\2d</Filter>
    </ClInclude>
    <ClInclude Include="TnbLib\MeshAft\Front\Iso\2d\Aft2d_FrontGlobalData.hxx">
      <Filter>TnbLib\MeshAft\Front\Iso\2d</Filter>
    </ClInclude>
    <ClInclude Include="TnbLib\MeshAft\Front\AnIso\Adaptor\Aft2d_FrontAnIsoInfoAdaptorFwd.hxx">
      <Filter>TnbLib\MeshAft\Front\AnIso\Adaptor</Filter>
    </ClInclude>
    <ClInclude Include="TnbLib\MeshAft\Front\AnIso\Adaptor\Aft2d_FrontAnIsoInfoAdaptor.hxx">
      <Filter>TnbLib\MeshAft\Front\AnIso\Adaptor</Filter>
    </ClInclude>
    <ClInclude Include="TnbLib\MeshAft\Front\AnIso\Info\Aft2d_FrontAnIsoInfoFwd.hxx">
      <Filter>TnbLib\MeshAft\Front\AnIso\Info</Filter>
    </ClInclude>
    <ClInclude Include="TnbLib\MeshAft\Front\AnIso\Info\Aft2d_FrontAnIsoInfo.hxx">
      <Filter>TnbLib\MeshAft\Front\AnIso\Info</Filter>
    </ClInclude>
    <ClInclude Include="TnbLib\MeshAft\Front\AnIso\2d\Aft2d_FrontAnIsoGlobalDataFwd.hxx">
      <Filter>TnbLib\MeshAft\Front\AnIso\2d</Filter>
    </ClInclude>
    <ClInclude Include="TnbLib\MeshAft\Front\AnIso\2d\Aft2d_FrontAnIsoGlobalData.hxx">
      <Filter>TnbLib\MeshAft\Front\AnIso\2d</Filter>
    </ClInclude>
    <ClInclude Include="TnbLib\MeshAft\Front\Surface\Adaptor\Aft2d_FrontSurfaceInfoAdaptorFwd.hxx">
      <Filter>TnbLib\MeshAft\Front\Surface\Adaptor</Filter>
    </ClInclude>
    <ClInclude Include="TnbLib\MeshAft\Front\Surface\Adaptor\Aft2d_FrontSurfaceInfoAdaptor.hxx">
      <Filter>TnbLib\MeshAft\Front\Surface\Adaptor</Filter>
    </ClInclude>
    <ClInclude Include="TnbLib\MeshAft\Front\Surface\Info\Aft2d_FrontSurfaceInfoFwd.hxx">
      <Filter>TnbLib\MeshAft\Front\Surface\Info</Filter>
    </ClInclude>
    <ClInclude Include="TnbLib\MeshAft\Front\Surface\Info\Aft2d_FrontSurfaceInfo.hxx">
      <Filter>TnbLib\MeshAft\Front\Surface\Info</Filter>
    </ClInclude>
    <ClInclude Include="TnbLib\MeshAft\Front\Surface\Aft2d_FrontSurfaceGlobalDataFwd.hxx">
      <Filter>TnbLib\MeshAft\Front\Surface</Filter>
    </ClInclude>
    <ClInclude Include="TnbLib\MeshAft\Front\Surface\Aft2d_FrontSurfaceGlobalData.hxx">
      <Filter>TnbLib\MeshAft\Front\Surface</Filter>
    </ClInclude>
    <ClInclude Include="TnbLib\MeshAft\Core\Base\Aft_Core_Base.hxx">
      <Filter>TnbLib\MeshAft\Core\Base</Filter>
    </ClInclude>
    <ClInclude Include="TnbLib\MeshAft\Core\Base\Aft_Core_BaseI.hxx">
      <Filter>TnbLib\MeshAft\Core\Base</Filter>
    </ClInclude>
    <ClInclude Include="TnbLib\MeshAft\OptNode\Analytical\Aft_OptNode_Analytical.hxx">
      <Filter>TnbLib\MeshAft\OptNode\Analytical</Filter>
    </ClInclude>
    <ClInclude Include="TnbLib\MeshAft\OptNode\Analytical\Iso\2d\Aft2d_OptNode_Analytical.hxx">
      <Filter>TnbLib\MeshAft\OptNode\Analytical\Iso\2d</Filter>
    </ClInclude>
    <ClInclude Include="TnbLib\MeshAft\OptNode\Analytical\AnIso\2d\Aft2d_OptNodeAnIso_Analytical.hxx">
      <Filter>TnbLib\MeshAft\OptNode\Analytical\AnIso\2d</Filter>
    </ClInclude>
    <ClInclude Include="TnbLib\MeshAft\OptNode\Analytical\Surface\Aft2d_OptNodeSurface_Analytical.hxx">
      <Filter>TnbLib\MeshAft\OptNode\Analytical\Surface</Filter>
    </ClInclude>
    <ClInclude Include="TnbLib\MeshAft\OptNode\Calculator\Aft_OptNode_Calculator.hxx">
      <Filter>TnbLib\MeshAft\OptNode\Calculator</Filter>
    </ClInclude>
    <ClInclude Include="TnbLib\MeshAft\OptNode\Calculator\Iso\2d\Aft2d_OptNode_CalculatorFwd.hxx">
      <Filter>TnbLib\MeshAft\OptNode\Calculator\Iso\2d</Filter>
    </ClInclude>
    <ClInclude Include="TnbLib\MeshAft\OptNode\Calculator\Iso\2d\Aft2d_OptNode_Calculator.hxx">
      <Filter>TnbLib\MeshAft\OptNode\Calculator\Iso\2d</Filter>
    </ClInclude>
    <ClInclude Include="TnbLib\MeshAft\OptNode\Calculator\Iso\3d\Aft3d_OptNode_CalculatorFwd.hxx">
      <Filter>TnbLib\MeshAft\OptNode\Calculator\Iso\3d</Filter>
    </ClInclude>
    <ClInclude Include="TnbLib\MeshAft\OptNode\Calculator\Iso\3d\Aft3d_OptNode_Calculator.hxx">
      <Filter>TnbLib\MeshAft\OptNode\Calculator\Iso\3d</Filter>
    </ClInclude>
    <ClInclude Include="TnbLib\MeshAft\OptNode\Calculator\AnIso\2d\Aft2d_OptNodeAnIso_Calculator.hxx">
      <Filter>TnbLib\MeshAft\OptNode\Calculator\AnIso\2d</Filter>
    </ClInclude>
    <ClInclude Include="TnbLib\MeshAft\OptNode\Calculator\AnIso\2d\Aft2d_OptNodeAnIso_CalculatorFwd.hxx">
      <Filter>TnbLib\MeshAft\OptNode\Calculator\AnIso\2d</Filter>
    </ClInclude>
    <ClInclude Include="TnbLib\MeshAft\OptNode\Calculator\AnIso\3d\Aft3d_OptNodeAnIso_CalculatorFwd.hxx">
      <Filter>TnbLib\MeshAft\OptNode\Calculator\AnIso\3d</Filter>
    </ClInclude>
    <ClInclude Include="TnbLib\MeshAft\OptNode\Calculator\AnIso\3d\Aft3d_OptNodeAnIso_Calculator.hxx">
      <Filter>TnbLib\MeshAft\OptNode\Calculator\AnIso\3d</Filter>
    </ClInclude>
    <ClInclude Include="TnbLib\MeshAft\OptNode\Calculator\Surface\Aft2d_OptNodeSurface_CalculatorFwd.hxx">
      <Filter>TnbLib\MeshAft\OptNode\Calculator\Surface</Filter>
    </ClInclude>
    <ClInclude Include="TnbLib\MeshAft\OptNode\Calculator\Surface\Aft2d_OptNodeSurface_Calculator.hxx">
      <Filter>TnbLib\MeshAft\OptNode\Calculator\Surface</Filter>
    </ClInclude>
    <ClInclude Include="TnbLib\MeshAft\Core\Aft_Core.hxx">
      <Filter>TnbLib\MeshAft\Core</Filter>
    </ClInclude>
    <ClInclude Include="TnbLib\MeshAft\Core\Aft_CoreI.hxx">
      <Filter>TnbLib\MeshAft\Core</Filter>
    </ClInclude>
    <ClInclude Include="TnbLib\MeshAft\Core\Iso\2d\Aft2d_CoreFwd.hxx">
      <Filter>TnbLib\MeshAft\Core\Iso\2d</Filter>
    </ClInclude>
    <ClInclude Include="TnbLib\MeshAft\Core\Iso\2d\Aft2d_Core.hxx">
      <Filter>TnbLib\MeshAft\Core\Iso\2d</Filter>
    </ClInclude>
    <ClInclude Include="TnbLib\MeshAft\Core\AnIso\2d\Aft2d_CoreAnIsoFwd.hxx">
      <Filter>TnbLib\MeshAft\Core\AnIso\2d</Filter>
    </ClInclude>
    <ClInclude Include="TnbLib\MeshAft\Core\AnIso\2d\Aft2d_CoreAnIso.hxx">
      <Filter>TnbLib\MeshAft\Core\AnIso\2d</Filter>
    </ClInclude>
    <ClInclude Include="TnbLib\MeshAft\Core\AnIso\2d\Aft2d_CoreAnIsoTemplate.hxx">
      <Filter>TnbLib\MeshAft\Core\AnIso\2d</Filter>
    </ClInclude>
    <ClInclude Include="TnbLib\MeshAft\Core\Iso\2d\Aft2d_CoreTemplate.hxx">
      <Filter>TnbLib\MeshAft\Core\Iso\2d</Filter>
    </ClInclude>
    <ClInclude Include="TnbLib\MeshAft\Core\Surface\Aft2d_CoreSurfaceTemplate.hxx">
      <Filter>TnbLib\MeshAft\Core\Surface</Filter>
    </ClInclude>
    <ClInclude Include="TnbLib\MeshAft\Core\Surface\Aft2d_CoreSurfaceFwd.hxx">
      <Filter>TnbLib\MeshAft\Core\Surface</Filter>
    </ClInclude>
    <ClInclude Include="TnbLib\MeshAft\Core\Surface\Aft2d_CoreSurface.hxx">
      <Filter>TnbLib\MeshAft\Core\Surface</Filter>
    </ClInclude>
    <ClInclude Include="TnbLib\MeshAft\Boundary\Plane\Check\Aft_PlnBoundary_Check.hxx">
      <Filter>TnbLib\MeshAft\Boundary\Plane\Check</Filter>
    </ClInclude>
  </ItemGroup>
  <ItemGroup>
    <ClCompile Include="TnbLib\MeshAft\MetricPrcsr\Aft_MetricPrcsr.cxx">
      <Filter>TnbLib\MeshAft\MetricPrcsr</Filter>
    </ClCompile>
    <ClCompile Include="TnbLib\MeshAft\Entities\Node\Aft_Node.cxx">
      <Filter>TnbLib\MeshAft\Entities\Node</Filter>
    </ClCompile>
    <ClCompile Include="TnbLib\MeshAft\Entities\Edge\Aft_Edge.cxx">
      <Filter>TnbLib\MeshAft\Entities\Edge</Filter>
    </ClCompile>
    <ClCompile Include="TnbLib\MeshAft\Entities\Bnd\Edge\Iso\2d\Aft2d_SegmentEdge.cxx">
      <Filter>TnbLib\MeshAft\Entities\Bnd\Edge\Iso\2d</Filter>
    </ClCompile>
    <ClCompile Include="TnbLib\MeshAft\Entities\Bnd\Edge\AnIso\2d\Aft2d_SegmentEdgeAnIso.cxx">
      <Filter>TnbLib\MeshAft\Entities\Bnd\Edge\AnIso\2d</Filter>
    </ClCompile>
    <ClCompile Include="TnbLib\MeshAft\Entities\Bnd\Edge\Surface\G\Aft2d_gSegmentEdge.cxx">
      <Filter>TnbLib\MeshAft\Entities\Bnd\Edge\Surface\G</Filter>
    </ClCompile>
    <ClCompile Include="TnbLib\MeshAft\Entities\Bnd\Edge\Surface\T\Aft2d_tSegmentEdge.cxx">
      <Filter>TnbLib\MeshAft\Entities\Bnd\Edge\Surface\T</Filter>
    </ClCompile>
    <ClCompile Include="TnbLib\MeshAft\Cad\Curve\Iso\2d\Aft2d_PlnCurve.cxx">
      <Filter>TnbLib\MeshAft\Cad\Curve\Iso\2d</Filter>
    </ClCompile>
    <ClCompile Include="TnbLib\MeshAft\Cad\Curve\AnIso\2d\Aft2d_PlnCurveAnIso_Base.cxx">
      <Filter>TnbLib\MeshAft\Cad\Curve\AnIso\2d</Filter>
    </ClCompile>
    <ClCompile Include="TnbLib\MeshAft\Cad\Curve\AnIso\2d\Aft2d_PlnCurveAnIso.cxx">
      <Filter>TnbLib\MeshAft\Cad\Curve\AnIso\2d</Filter>
    </ClCompile>
    <ClCompile Include="TnbLib\MeshAft\Cad\Curve\Surface\G\Aft2d_gPlnCurveSurface.cxx">
      <Filter>TnbLib\MeshAft\Cad\Curve\Surface\G</Filter>
    </ClCompile>
    <ClCompile Include="TnbLib\MeshAft\Cad\Curve\Surface\T\Aft2d_tPlnCurveSurface.cxx">
      <Filter>TnbLib\MeshAft\Cad\Curve\Surface\T</Filter>
    </ClCompile>
    <ClCompile Include="TnbLib\MeshAft\Cad\Patch\G\Aft2d_gPatch.cxx">
      <Filter>TnbLib\MeshAft\Cad\Patch\G</Filter>
    </ClCompile>
    <ClCompile Include="TnbLib\MeshAft\Cad\PlnRegion\Surface\G\Aft2d_gPlnRegionSurface.cxx">
      <Filter>TnbLib\MeshAft\Cad\PlnRegion\Surface\G</Filter>
    </ClCompile>
    <ClCompile Include="TnbLib\MeshAft\Cad\PlnRegion\Surface\T\Aft2d_tPlnRegionSurface.cxx">
      <Filter>TnbLib\MeshAft\Cad\PlnRegion\Surface\T</Filter>
    </ClCompile>
    <ClCompile Include="TnbLib\MeshAft\Cad\Patch\T\Aft2d_tPatch.cxx">
      <Filter>TnbLib\MeshAft\Cad\Patch\T</Filter>
    </ClCompile>
    <ClCompile Include="TnbLib\MeshAft\MetricPrcsr\System\Aft2d_MetricPrcsrAnIso_System.cxx">
      <Filter>TnbLib\MeshAft\MetricPrcsr\System</Filter>
    </ClCompile>
    <ClCompile Include="TnbLib\MeshAft\MetricPrcsr\AnIso\2d\Aft2d_MetricPrcsrAnIso.cxx">
      <Filter>TnbLib\MeshAft\MetricPrcsr\AnIso\2d</Filter>
    </ClCompile>
    <ClCompile Include="TnbLib\MeshAft\MetricPrcsr\Surface\Aft2d_MetricPrcsrSurface.cxx">
      <Filter>TnbLib\MeshAft\MetricPrcsr\Surface</Filter>
    </ClCompile>
    <ClCompile Include="TnbLib\MeshAft\Front\Info\2d\Aft2d_FrontInfoTemplate.cxx">
      <Filter>TnbLib\MeshAft\Front\Info\2d</Filter>
    </ClCompile>
    <ClCompile Include="TnbLib\MeshAft\Core\Base\Aft_Core_Base.cxx">
      <Filter>TnbLib\MeshAft\Core\Base</Filter>
    </ClCompile>
    <ClCompile Include="TnbLib\MeshAft\OptNode\Analytical\Iso\2d\Aft2d_OptNode_Analytical.cxx">
      <Filter>TnbLib\MeshAft\OptNode\Analytical\Iso\2d</Filter>
    </ClCompile>
    <ClCompile Include="TnbLib\MeshAft\OptNode\Analytical\AnIso\2d\Aft2d_OptNodeAnIso_Analytical.cxx">
      <Filter>TnbLib\MeshAft\OptNode\Analytical\AnIso\2d</Filter>
    </ClCompile>
    <ClCompile Include="TnbLib\MeshAft\OptNode\Analytical\Surface\Aft2d_OptNodeSurface_Analytical.cxx">
      <Filter>TnbLib\MeshAft\OptNode\Analytical\Surface</Filter>
    </ClCompile>
    <ClCompile Include="TnbLib\MeshAft\Core\Aft_Core.cxx">
      <Filter>TnbLib\MeshAft\Core</Filter>
    </ClCompile>
    <ClCompile Include="TnbLib\MeshAft\Core\Iso\2d\Aft2d_Core.cxx">
      <Filter>TnbLib\MeshAft\Core\Iso\2d</Filter>
    </ClCompile>
    <ClCompile Include="TnbLib\MeshAft\Core\AnIso\2d\Aft2d_CoreAnIso.cxx">
      <Filter>TnbLib\MeshAft\Core\AnIso\2d</Filter>
    </ClCompile>
    <ClCompile Include="TnbLib\MeshAft\Core\Surface\Aft2d_CoreSurface.cxx">
      <Filter>TnbLib\MeshAft\Core\Surface</Filter>
    </ClCompile>
    <ClCompile Include="TnbLib\MeshAft\Boundary\Plane\Check\Aft_PlnBoundary_Check.cxx">
      <Filter>TnbLib\MeshAft\Boundary\Plane\Check</Filter>
    </ClCompile>
  </ItemGroup>
  <ItemGroup>
    <None Include="cpp.hint" />
  </ItemGroup>
</Project>