<?xml version="1.0" encoding="utf-8"?>
<Project ToolsVersion="4.0" xmlns="http://schemas.microsoft.com/developer/msbuild/2003">
  <ItemGroup>
    <Filter Include="src">
      <UniqueIdentifier>{7f6fbd4b-7eb7-4ebb-824d-3b1e9c780ec0}</UniqueIdentifier>
    </Filter>
  </ItemGroup>
  <ItemGroup>
    <ClCompile Include="tnbCadToolPlaneCrvCrvIntsct.cxx">
      <Filter>src</Filter>
    </ClCompile>
  </ItemGroup>
</Project>