<?xml version="1.0" encoding="utf-8"?>
<Project ToolsVersion="4.0" xmlns="http://schemas.microsoft.com/developer/msbuild/2003">
  <ItemGroup>
    <Filter Include="src">
      <UniqueIdentifier>{785171c2-0581-4fe2-9f6b-64e4e06d34ca}</UniqueIdentifier>
    </Filter>
  </ItemGroup>
  <ItemGroup>
    <ClCompile Include="tnbCadRailRevolveSurf.cxx">
      <Filter>src</Filter>
    </ClCompile>
  </ItemGroup>
</Project>