<?xml version="1.0" encoding="utf-8"?>
<Project ToolsVersion="4.0" xmlns="http://schemas.microsoft.com/developer/msbuild/2003">
  <ItemGroup>
    <Filter Include="src">
      <UniqueIdentifier>{c3a23ae7-4019-4cb5-b0d2-def1a9b893aa}</UniqueIdentifier>
    </Filter>
  </ItemGroup>
  <ItemGroup>
    <ClCompile Include="tnbMeshVolumeBndSoluDataAft.cxx">
      <Filter>src</Filter>
    </ClCompile>
  </ItemGroup>
</Project>