<?xml version="1.0" encoding="utf-8"?>
<Project ToolsVersion="4.0" xmlns="http://schemas.microsoft.com/developer/msbuild/2003">
  <ItemGroup>
    <Filter Include="src">
      <UniqueIdentifier>{d7f0adae-21f8-4488-8ecf-8378c516a85f}</UniqueIdentifier>
    </Filter>
  </ItemGroup>
  <ItemGroup>
    <ClCompile Include="airfoilMaker.cxx">
      <Filter>src</Filter>
    </ClCompile>
  </ItemGroup>
</Project>