<?xml version="1.0" encoding="utf-8"?>
<Project ToolsVersion="4.0" xmlns="http://schemas.microsoft.com/developer/msbuild/2003">
  <ItemGroup>
    <Filter Include="src">
      <UniqueIdentifier>{1a85c6f5-0fc7-4316-b2d9-35df514b4805}</UniqueIdentifier>
    </Filter>
  </ItemGroup>
  <ItemGroup>
    <ClCompile Include="tnbHydstcDispDimAnalys.cxx">
      <Filter>src</Filter>
    </ClCompile>
  </ItemGroup>
</Project>