<?xml version="1.0" encoding="utf-8"?>
<Project ToolsVersion="4.0" xmlns="http://schemas.microsoft.com/developer/msbuild/2003">
  <ItemGroup>
    <Filter Include="src">
      <UniqueIdentifier>{bca1d6ea-b6e0-4941-b786-db83b4c0e132}</UniqueIdentifier>
    </Filter>
  </ItemGroup>
  <ItemGroup>
    <ClCompile Include="curve.cxx">
      <Filter>src</Filter>
    </ClCompile>
  </ItemGroup>
</Project>