<?xml version="1.0" encoding="utf-8"?>
<Project ToolsVersion="4.0" xmlns="http://schemas.microsoft.com/developer/msbuild/2003">
  <ItemGroup>
    <Filter Include="src">
      <UniqueIdentifier>{daeea7fe-cbb5-460a-93d2-19c88b2be897}</UniqueIdentifier>
    </Filter>
  </ItemGroup>
  <ItemGroup>
    <ClCompile Include="tnbMeshAnIsoMetricInfo.cxx">
      <Filter>src</Filter>
    </ClCompile>
  </ItemGroup>
</Project>