<?xml version="1.0" encoding="utf-8"?>
<Project ToolsVersion="4.0" xmlns="http://schemas.microsoft.com/developer/msbuild/2003">
  <ItemGroup>
    <Filter Include="src">
      <UniqueIdentifier>{a871382c-78e6-4ed1-9c9b-0ea2dec85e9e}</UniqueIdentifier>
    </Filter>
  </ItemGroup>
  <ItemGroup>
    <ClCompile Include="tnbHydstcWettedDimAnalys.cxx">
      <Filter>src</Filter>
    </ClCompile>
  </ItemGroup>
</Project>