<?xml version="1.0" encoding="utf-8"?>
<Project ToolsVersion="4.0" xmlns="http://schemas.microsoft.com/developer/msbuild/2003">
  <ItemGroup>
    <Filter Include="src">
      <UniqueIdentifier>{836eab77-dc16-4678-8450-c8aa20e7511f}</UniqueIdentifier>
    </Filter>
  </ItemGroup>
  <ItemGroup>
    <ClCompile Include="tnbMesh2dExtrude.cxx">
      <Filter>src</Filter>
    </ClCompile>
  </ItemGroup>
</Project>