<?xml version="1.0" encoding="utf-8"?>
<Project ToolsVersion="4.0" xmlns="http://schemas.microsoft.com/developer/msbuild/2003">
  <ItemGroup>
    <Filter Include="src">
      <UniqueIdentifier>{609fdd4a-6101-4240-b71d-929f7ee334c2}</UniqueIdentifier>
    </Filter>
  </ItemGroup>
  <ItemGroup>
    <ClCompile Include="sectionList.cxx">
      <Filter>src</Filter>
    </ClCompile>
  </ItemGroup>
</Project>