<?xml version="1.0" encoding="utf-8"?>
<Project ToolsVersion="4.0" xmlns="http://schemas.microsoft.com/developer/msbuild/2003">
  <ItemGroup>
    <Filter Include="src">
      <UniqueIdentifier>{d3587de9-17c9-439b-910d-53cbe12cbbb2}</UniqueIdentifier>
    </Filter>
  </ItemGroup>
  <ItemGroup>
    <ClCompile Include="tnbMeshVolumeMergeBnd.cxx">
      <Filter>src</Filter>
    </ClCompile>
  </ItemGroup>
</Project>