<?xml version="1.0" encoding="utf-8"?>
<Project ToolsVersion="4.0" xmlns="http://schemas.microsoft.com/developer/msbuild/2003">
  <ItemGroup>
    <Filter Include="src">
      <UniqueIdentifier>{d5c3a350-c446-4ea7-9f35-52293fc13de8}</UniqueIdentifier>
    </Filter>
  </ItemGroup>
  <ItemGroup>
    <ClCompile Include="tnbCadToolPlaneInterpl.cxx">
      <Filter>src</Filter>
    </ClCompile>
  </ItemGroup>
</Project>