<?xml version="1.0" encoding="utf-8"?>
<Project ToolsVersion="4.0" xmlns="http://schemas.microsoft.com/developer/msbuild/2003">
  <ItemGroup>
    <Filter Include="TnbLib">
      <UniqueIdentifier>{d36db888-1548-4df1-b6ce-41651d53d444}</UniqueIdentifier>
    </Filter>
    <Filter Include="TnbLib\NumAlg">
      <UniqueIdentifier>{7a9e0606-0c5f-4c8f-8f80-bb6f31fe4cb7}</UniqueIdentifier>
    </Filter>
    <Filter Include="TnbLib\NumAlg\Integration">
      <UniqueIdentifier>{3cf8b21b-d59d-45b3-b821-f51cd39e4c74}</UniqueIdentifier>
    </Filter>
    <Filter Include="TnbLib\NumAlg\Integration\Adaptive">
      <UniqueIdentifier>{9640bc44-2705-422f-958c-293572ea7ad2}</UniqueIdentifier>
    </Filter>
    <Filter Include="TnbLib\NumAlg\Integration\Function">
      <UniqueIdentifier>{7d361d6b-5ab7-4609-a64b-4e16b98e1ddc}</UniqueIdentifier>
    </Filter>
    <Filter Include="TnbLib\NumAlg\Integration\System">
      <UniqueIdentifier>{b741e0dc-9cda-4d3d-b24e-cf93e0f56243}</UniqueIdentifier>
    </Filter>
    <Filter Include="TnbLib\NumAlg\Integration\Boundary">
      <UniqueIdentifier>{e54ea98f-f655-4520-b3d9-c04e59f2851f}</UniqueIdentifier>
    </Filter>
    <Filter Include="TnbLib\NumAlg\Integration\Adaptive\Info">
      <UniqueIdentifier>{aeaca0a9-3b20-49f1-8615-40863c40b5ca}</UniqueIdentifier>
    </Filter>
    <Filter Include="TnbLib\NumAlg\Integration\Adaptive\Core">
      <UniqueIdentifier>{447f3c5b-e7a6-4fca-a084-ce48585400b0}</UniqueIdentifier>
    </Filter>
    <Filter Include="TnbLib\NumAlg\NonLinearSolver">
      <UniqueIdentifier>{b2c84adb-e147-4db0-bfcd-8e2773fbd389}</UniqueIdentifier>
    </Filter>
    <Filter Include="TnbLib\NumAlg\NonLinearSolver\Newton">
      <UniqueIdentifier>{8dda8d4e-c260-4aa3-bf1a-c4712d714468}</UniqueIdentifier>
    </Filter>
    <Filter Include="TnbLib\NumAlg\NonLinearSolver\Newton\Info">
      <UniqueIdentifier>{4ad4a230-2b54-4213-84fa-8eb87260db3c}</UniqueIdentifier>
    </Filter>
    <Filter Include="TnbLib\NumAlg\Random">
      <UniqueIdentifier>{d87e539b-2246-44eb-b829-1ea5ec9498e0}</UniqueIdentifier>
    </Filter>
    <Filter Include="TnbLib\NumAlg\Random\System">
      <UniqueIdentifier>{1df3b351-c1cd-4782-8669-4a556dfd9c3b}</UniqueIdentifier>
    </Filter>
    <Filter Include="TnbLib\NumAlg\System">
      <UniqueIdentifier>{a0b38760-7931-4325-9b99-32c14687cfad}</UniqueIdentifier>
    </Filter>
    <Filter Include="TnbLib\NumAlg\Integration\GaussQuadrature">
      <UniqueIdentifier>{24ad6643-3c96-4f9b-a6a3-4be162c2347c}</UniqueIdentifier>
    </Filter>
    <Filter Include="TnbLib\NumAlg\Integration\GaussQuadrature\Core">
      <UniqueIdentifier>{77663ebb-6a28-40c8-99e7-1eafcd529374}</UniqueIdentifier>
    </Filter>
    <Filter Include="TnbLib\NumAlg\Integration\GaussQuadrature\Nodes">
      <UniqueIdentifier>{233dd335-0723-4777-89cd-7a6b0b1eff23}</UniqueIdentifier>
    </Filter>
    <Filter Include="TnbLib\NumAlg\Integration\GaussQuadrature\Weights">
      <UniqueIdentifier>{35035ce9-94ad-44a3-b0f1-09457fcb075f}</UniqueIdentifier>
    </Filter>
    <Filter Include="TnbLib\NumAlg\NonLinearSolver\FalsePosition">
      <UniqueIdentifier>{84b73087-0f71-4347-8c26-080ad882be8c}</UniqueIdentifier>
    </Filter>
    <Filter Include="TnbLib\NumAlg\NonLinearSolver\Secant">
      <UniqueIdentifier>{0969159e-7330-4fab-8b55-6ed5ace2995b}</UniqueIdentifier>
    </Filter>
    <Filter Include="TnbLib\NumAlg\NonLinearSolver\FalsePosition\Info">
      <UniqueIdentifier>{a59ce3a4-e5c2-48d8-a270-28bbc56b9039}</UniqueIdentifier>
    </Filter>
    <Filter Include="TnbLib\NumAlg\NonLinearSolver\Secant\Info">
      <UniqueIdentifier>{4a44d065-2042-4ad8-9171-42d2af4e8741}</UniqueIdentifier>
    </Filter>
    <Filter Include="TnbLib\NumAlg\module">
      <UniqueIdentifier>{e4578b94-b487-4fe8-837a-19ec5b1d9f62}</UniqueIdentifier>
    </Filter>
    <Filter Include="TnbLib\NumAlg\NonLinearSolver\Bisection">
      <UniqueIdentifier>{4d94e5c6-9f80-4a02-a74e-7ca50c272ee1}</UniqueIdentifier>
    </Filter>
    <Filter Include="TnbLib\NumAlg\NonLinearSolver\Bisection\Info">
      <UniqueIdentifier>{370419f2-ffeb-4621-acda-46f509fbc53b}</UniqueIdentifier>
    </Filter>
    <Filter Include="TnbLib\NumAlg\Interpl">
      <UniqueIdentifier>{72086e54-7fb2-42e9-be57-2f715f841025}</UniqueIdentifier>
    </Filter>
    <Filter Include="TnbLib\NumAlg\Interpl\Steffen">
      <UniqueIdentifier>{eddfa7bf-91ef-4306-bffd-184c244af932}</UniqueIdentifier>
    </Filter>
    <Filter Include="TnbLib\NumAlg\Optimization">
      <UniqueIdentifier>{809702a2-9039-4e1e-9351-48fe7eb274b3}</UniqueIdentifier>
    </Filter>
    <Filter Include="TnbLib\NumAlg\Optimization\NelderMead">
      <UniqueIdentifier>{36ad74de-ab29-4356-93f0-d6a0174a1d3b}</UniqueIdentifier>
    </Filter>
    <Filter Include="TnbLib\NumAlg\Optimization\NelderMead\Info">
      <UniqueIdentifier>{006881ce-986c-4f2a-8f02-d376272636a1}</UniqueIdentifier>
    </Filter>
    <Filter Include="TnbLib\NumAlg\Optimization\NelderMead\Coeffs">
      <UniqueIdentifier>{dac0d042-5a9e-4485-9216-b0bceada6d4c}</UniqueIdentifier>
    </Filter>
    <Filter Include="TnbLib\NumAlg\Optimization\NelderMead\Func">
      <UniqueIdentifier>{9a9af689-4a5b-4afa-beba-23e3d6dcabde}</UniqueIdentifier>
    </Filter>
    <Filter Include="TnbLib\NumAlg\Optimization\GA">
      <UniqueIdentifier>{66129e10-3753-418b-a4bd-8f5cb36d3f55}</UniqueIdentifier>
    </Filter>
  </ItemGroup>
  <ItemGroup>
    <ClInclude Include="TnbLib\NumAlg\Integration\Function\NumAlg_IntegFunc.hxx">
      <Filter>TnbLib\NumAlg\Integration\Function</Filter>
    </ClInclude>
    <ClInclude Include="TnbLib\NumAlg\Integration\Boundary\NumAlg_IntegBond.hxx">
      <Filter>TnbLib\NumAlg\Integration\Boundary</Filter>
    </ClInclude>
    <ClInclude Include="TnbLib\NumAlg\Integration\Adaptive\Info\NumAlg_AdaptiveInteg_Info.hxx">
      <Filter>TnbLib\NumAlg\Integration\Adaptive\Info</Filter>
    </ClInclude>
    <ClInclude Include="TnbLib\NumAlg\Integration\Adaptive\Core\NumAlg_AdaptiveInteg_Core.hxx">
      <Filter>TnbLib\NumAlg\Integration\Adaptive\Core</Filter>
    </ClInclude>
    <ClInclude Include="TnbLib\NumAlg\Integration\Adaptive\Core\NumAlg_AdaptiveInteg_CoreI.hxx">
      <Filter>TnbLib\NumAlg\Integration\Adaptive\Core</Filter>
    </ClInclude>
    <ClInclude Include="TnbLib\NumAlg\Integration\Adaptive\NumAlg_AdaptiveInteg.hxx">
      <Filter>TnbLib\NumAlg\Integration\Adaptive</Filter>
    </ClInclude>
    <ClInclude Include="TnbLib\NumAlg\NonLinearSolver\Newton\Info\NumAlg_NewtonSolver_Info.hxx">
      <Filter>TnbLib\NumAlg\NonLinearSolver\Newton\Info</Filter>
    </ClInclude>
    <ClInclude Include="TnbLib\NumAlg\NonLinearSolver\Newton\NumAlg_NewtonSolver.hxx">
      <Filter>TnbLib\NumAlg\NonLinearSolver\Newton</Filter>
    </ClInclude>
    <ClInclude Include="TnbLib\NumAlg\Random\NumAlg_Random.hxx">
      <Filter>TnbLib\NumAlg\Random</Filter>
    </ClInclude>
    <ClInclude Include="TnbLib\NumAlg\Random\System\NumAlg_Random_System.hxx">
      <Filter>TnbLib\NumAlg\Random\System</Filter>
    </ClInclude>
    <ClInclude Include="TnbLib\NumAlg\System\NumAlg_System.hxx">
      <Filter>TnbLib\NumAlg\System</Filter>
    </ClInclude>
    <ClInclude Include="TnbLib\NumAlg\Integration\GaussQuadrature\Weights\NumAlg_GaussQuadrature_Weights.hxx">
      <Filter>TnbLib\NumAlg\Integration\GaussQuadrature\Weights</Filter>
    </ClInclude>
    <ClInclude Include="TnbLib\NumAlg\Integration\GaussQuadrature\Nodes\NumAlg_GaussQuadrature_Nodes.hxx">
      <Filter>TnbLib\NumAlg\Integration\GaussQuadrature\Nodes</Filter>
    </ClInclude>
    <ClInclude Include="TnbLib\NumAlg\Integration\GaussQuadrature\Core\NumAlg_GaussQuadrature_Core.hxx">
      <Filter>TnbLib\NumAlg\Integration\GaussQuadrature\Core</Filter>
    </ClInclude>
    <ClInclude Include="TnbLib\NumAlg\Integration\GaussQuadrature\NumAlg_GaussQuadrature.hxx">
      <Filter>TnbLib\NumAlg\Integration\GaussQuadrature</Filter>
    </ClInclude>
    <ClInclude Include="TnbLib\NumAlg\Integration\GaussQuadrature\NumAlg_GaussQuadratureI.hxx">
      <Filter>TnbLib\NumAlg\Integration\GaussQuadrature</Filter>
    </ClInclude>
    <ClInclude Include="TnbLib\NumAlg\NonLinearSolver\Newton\NumAlg_NewtonSolver_Condition.hxx">
      <Filter>TnbLib\NumAlg\NonLinearSolver\Newton</Filter>
    </ClInclude>
    <ClInclude Include="TnbLib\NumAlg\NonLinearSolver\FalsePosition\Info\NumAlg_FalsePos_Info.hxx">
      <Filter>TnbLib\NumAlg\NonLinearSolver\FalsePosition\Info</Filter>
    </ClInclude>
    <ClInclude Include="TnbLib\NumAlg\NonLinearSolver\FalsePosition\NumAlg_FalsePos.hxx">
      <Filter>TnbLib\NumAlg\NonLinearSolver\FalsePosition</Filter>
    </ClInclude>
    <ClInclude Include="TnbLib\NumAlg\NonLinearSolver\Secant\NumAlg_Secant.hxx">
      <Filter>TnbLib\NumAlg\NonLinearSolver\Secant</Filter>
    </ClInclude>
    <ClInclude Include="TnbLib\NumAlg\NonLinearSolver\Secant\Info\NumAlg_Secant_Info.hxx">
      <Filter>TnbLib\NumAlg\NonLinearSolver\Secant\Info</Filter>
    </ClInclude>
    <ClInclude Include="TnbLib\NumAlg\NonLinearSolver\Secant\NumAlg_Secant_Condition.hxx">
      <Filter>TnbLib\NumAlg\NonLinearSolver\Secant</Filter>
    </ClInclude>
    <ClInclude Include="TnbLib\NumAlg\module\NumAlg_Module.hxx">
      <Filter>TnbLib\NumAlg\module</Filter>
    </ClInclude>
    <ClInclude Include="TnbLib\NumAlg\NonLinearSolver\Bisection\NumAlg_BisectionSolver.hxx">
      <Filter>TnbLib\NumAlg\NonLinearSolver\Bisection</Filter>
    </ClInclude>
    <ClInclude Include="TnbLib\NumAlg\NonLinearSolver\Bisection\Info\NumAlg_BisectionSolver_Info.hxx">
      <Filter>TnbLib\NumAlg\NonLinearSolver\Bisection\Info</Filter>
    </ClInclude>
    <ClInclude Include="TnbLib\NumAlg\Interpl\NumAlg_InterplFunc.hxx">
      <Filter>TnbLib\NumAlg\Interpl</Filter>
    </ClInclude>
    <ClInclude Include="TnbLib\NumAlg\Interpl\Steffen\NumAlg_SteffenInterplFunc.hxx">
      <Filter>TnbLib\NumAlg\Interpl\Steffen</Filter>
    </ClInclude>
    <ClInclude Include="TnbLib\NumAlg\Optimization\NelderMead\Coeffs\NumAlg_NelderMeadCoeffs.hxx">
      <Filter>TnbLib\NumAlg\Optimization\NelderMead\Coeffs</Filter>
    </ClInclude>
    <ClInclude Include="TnbLib\NumAlg\Optimization\NelderMead\NumAlg_NelderMead.hxx">
      <Filter>TnbLib\NumAlg\Optimization\NelderMead</Filter>
    </ClInclude>
    <ClInclude Include="TnbLib\NumAlg\Optimization\NelderMead\NumAlg_NelderMeadI.hxx">
      <Filter>TnbLib\NumAlg\Optimization\NelderMead</Filter>
    </ClInclude>
    <ClInclude Include="TnbLib\NumAlg\Optimization\GA\NumAlg_GA.hxx">
      <Filter>TnbLib\NumAlg\Optimization\GA</Filter>
    </ClInclude>
    <ClInclude Include="TnbLib\NumAlg\Optimization\GA\NumAlg_GAI.hxx">
      <Filter>TnbLib\NumAlg\Optimization\GA</Filter>
    </ClInclude>
    <ClInclude Include="TnbLib\NumAlg\Optimization\NelderMead\Info\NumAlg_NelderMeadInfo.hxx">
      <Filter>TnbLib\NumAlg\Optimization\NelderMead\Info</Filter>
    </ClInclude>
  </ItemGroup>
  <ItemGroup>
    <ClCompile Include="TnbLib\NumAlg\Integration\Function\NumAlg_IntegFunc.cxx">
      <Filter>TnbLib\NumAlg\Integration\Function</Filter>
    </ClCompile>
    <ClCompile Include="TnbLib\NumAlg\Integration\Adaptive\Info\NumAlg_AdaptiveInteg_Info.cxx">
      <Filter>TnbLib\NumAlg\Integration\Adaptive\Info</Filter>
    </ClCompile>
    <ClCompile Include="TnbLib\NumAlg\Integration\Adaptive\Core\NumAlg_AdaptiveInteg_Core.cxx">
      <Filter>TnbLib\NumAlg\Integration\Adaptive\Core</Filter>
    </ClCompile>
    <ClCompile Include="TnbLib\NumAlg\NonLinearSolver\Newton\Info\NumAlg_NewtonSolver_Info.cxx">
      <Filter>TnbLib\NumAlg\NonLinearSolver\Newton\Info</Filter>
    </ClCompile>
    <ClCompile Include="TnbLib\NumAlg\System\NumAlg_Random_System.cxx">
      <Filter>TnbLib\NumAlg\Random\System</Filter>
    </ClCompile>
    <ClCompile Include="TnbLib\NumAlg\Integration\GaussQuadrature\Weights\NumAlg_GaussQuadrature_Weights.cxx">
      <Filter>TnbLib\NumAlg\Integration\GaussQuadrature\Weights</Filter>
    </ClCompile>
    <ClCompile Include="TnbLib\NumAlg\Integration\GaussQuadrature\Nodes\NumAlg_GaussQuadrature_Nodes.cxx">
      <Filter>TnbLib\NumAlg\Integration\GaussQuadrature\Nodes</Filter>
    </ClCompile>
    <ClCompile Include="TnbLib\NumAlg\Integration\GaussQuadrature\NumAlg_GaussQuadrature.cxx">
      <Filter>TnbLib\NumAlg\Integration\GaussQuadrature</Filter>
    </ClCompile>
    <ClCompile Include="TnbLib\NumAlg\NonLinearSolver\Secant\Info\NumAlg_Secant_Info.cxx">
      <Filter>TnbLib\NumAlg\NonLinearSolver\Secant\Info</Filter>
    </ClCompile>
    <ClCompile Include="TnbLib\NumAlg\NonLinearSolver\FalsePosition\Info\NumAlg_FalsePos_Info.cxx">
      <Filter>TnbLib\NumAlg\NonLinearSolver\FalsePosition\Info</Filter>
    </ClCompile>
    <ClCompile Include="TnbLib\NumAlg\NonLinearSolver\Bisection\Info\NumAlg_BisectionSolver_Info.cxx">
      <Filter>TnbLib\NumAlg\NonLinearSolver\Bisection\Info</Filter>
    </ClCompile>
    <ClCompile Include="TnbLib\NumAlg\Interpl\Steffen\NumAlg_SteffenInterplFunc.cxx">
      <Filter>TnbLib\NumAlg\Interpl\Steffen</Filter>
    </ClCompile>
    <ClCompile Include="TnbLib\NumAlg\Interpl\NumAlg_InterplFunc.cxx">
      <Filter>TnbLib\NumAlg\Interpl</Filter>
    </ClCompile>
    <ClCompile Include="TnbLib\NumAlg\Optimization\NelderMead\Info\NumAlg_NelderMeadInfo.cxx">
      <Filter>TnbLib\NumAlg\Optimization\NelderMead\Info</Filter>
    </ClCompile>
    <ClCompile Include="TnbLib\NumAlg\Optimization\NelderMead\Coeffs\NumAlg_NelderMeadCoeffs.cxx">
      <Filter>TnbLib\NumAlg\Optimization\NelderMead\Coeffs</Filter>
    </ClCompile>
    <ClCompile Include="TnbLib\NumAlg\Optimization\NelderMead\NumAlg_NelderMead.cxx">
      <Filter>TnbLib\NumAlg\Optimization\NelderMead</Filter>
    </ClCompile>
    <ClCompile Include="TnbLib\NumAlg\Optimization\GA\NumAlg_GA.cxx">
      <Filter>TnbLib\NumAlg\Optimization\GA</Filter>
    </ClCompile>
  </ItemGroup>
</Project>