<?xml version="1.0" encoding="utf-8"?>
<Project ToolsVersion="4.0" xmlns="http://schemas.microsoft.com/developer/msbuild/2003">
  <ItemGroup>
    <Filter Include="src">
      <UniqueIdentifier>{d9b4f804-fc31-4fb7-86b8-ce2c2d366ef1}</UniqueIdentifier>
    </Filter>
  </ItemGroup>
  <ItemGroup>
    <ClCompile Include="tnbGeoPlnNormalAxis.cxx">
      <Filter>src</Filter>
    </ClCompile>
  </ItemGroup>
</Project>