<?xml version="1.0" encoding="utf-8"?>
<Project ToolsVersion="4.0" xmlns="http://schemas.microsoft.com/developer/msbuild/2003">
  <ItemGroup>
    <Filter Include="src">
      <UniqueIdentifier>{71ad9b9b-2854-4383-a824-e50153dbca61}</UniqueIdentifier>
    </Filter>
  </ItemGroup>
  <ItemGroup>
    <ClCompile Include="TnbIgesReader.cxx">
      <Filter>src</Filter>
    </ClCompile>
  </ItemGroup>
</Project>