<?xml version="1.0" encoding="utf-8"?>
<Project ToolsVersion="4.0" xmlns="http://schemas.microsoft.com/developer/msbuild/2003">
  <ItemGroup>
    <Filter Include="src">
      <UniqueIdentifier>{a4dcceac-3f0d-4fa1-8ecb-3685a782639c}</UniqueIdentifier>
    </Filter>
  </ItemGroup>
  <ItemGroup>
    <ClCompile Include="hydStaticCurves.cxx">
      <Filter>src</Filter>
    </ClCompile>
  </ItemGroup>
</Project>